// !$*UTF8*$!
{
	archiveVersion = 1;
	classes = {
	};
	objectVersion = 46;
	objects = {

/* Begin PBXBuildFile section */
		5702CC741890F00800F6B951 /* SCCrimesViewController.m in Sources */ = {isa = PBXBuildFile; fileRef = 5702CC731890F00800F6B951 /* SCCrimesViewController.m */; };
		5702CC761890F61000F6B951 /* imagemTemp.png in Resources */ = {isa = PBXBuildFile; fileRef = 5702CC751890F61000F6B951 /* imagemTemp.png */; };
		5702CC781890F67000F6B951 /* btnBottomReportar.png in Resources */ = {isa = PBXBuildFile; fileRef = 5702CC771890F67000F6B951 /* btnBottomReportar.png */; };
		5702CC7A1890F67400F6B951 /* Tipo.png in Resources */ = {isa = PBXBuildFile; fileRef = 5702CC791890F67400F6B951 /* Tipo.png */; };
		5702CC7E1890F81100F6B951 /* SCCrimesCell.m in Sources */ = {isa = PBXBuildFile; fileRef = 5702CC7D1890F81100F6B951 /* SCCrimesCell.m */; };
		5702CC801890FCF700F6B951 /* btnNada.png in Resources */ = {isa = PBXBuildFile; fileRef = 5702CC7F1890FCF700F6B951 /* btnNada.png */; };
		570D418D18B85344003A4D7A /* bgbuttom.png in Resources */ = {isa = PBXBuildFile; fileRef = 570D418C18B85344003A4D7A /* bgbuttom.png */; };
		570D419018B85425003A4D7A /* SCLoginViewController.m in Sources */ = {isa = PBXBuildFile; fileRef = 570D418F18B85425003A4D7A /* SCLoginViewController.m */; };
		570D419B18B85761003A4D7A /* README.md in Resources */ = {isa = PBXBuildFile; fileRef = 570D419518B85761003A4D7A /* README.md */; };
		570D419C18B85761003A4D7A /* release_notes.md in Resources */ = {isa = PBXBuildFile; fileRef = 570D419618B85761003A4D7A /* release_notes.md */; };
		570D41A118B85DDA003A4D7A /* crimes.png in Resources */ = {isa = PBXBuildFile; fileRef = 570D419D18B85DDA003A4D7A /* crimes.png */; };
		570D41A218B85DDA003A4D7A /* configuracao.png in Resources */ = {isa = PBXBuildFile; fileRef = 570D419E18B85DDA003A4D7A /* configuracao.png */; };
		570D41A318B85DDA003A4D7A /* reportar.png in Resources */ = {isa = PBXBuildFile; fileRef = 570D419F18B85DDA003A4D7A /* reportar.png */; };
		570D41A418B85DDA003A4D7A /* procurar.png in Resources */ = {isa = PBXBuildFile; fileRef = 570D41A018B85DDA003A4D7A /* procurar.png */; };
		570D41A718B860BC003A4D7A /* bgbuttonlogado.png in Resources */ = {isa = PBXBuildFile; fileRef = 570D41A518B860BC003A4D7A /* bgbuttonlogado.png */; };
		570D41A818B860BC003A4D7A /* btnbuscarendereco.png in Resources */ = {isa = PBXBuildFile; fileRef = 570D41A618B860BC003A4D7A /* btnbuscarendereco.png */; };
		570D41AA18B864EB003A4D7A /* bgbtnordenar.png in Resources */ = {isa = PBXBuildFile; fileRef = 570D41A918B864EB003A4D7A /* bgbtnordenar.png */; };
		570D41AC18B86BE4003A4D7A /* GoogleMaps.framework in Frameworks */ = {isa = PBXBuildFile; fileRef = 570D41AB18B86BE4003A4D7A /* GoogleMaps.framework */; };
		570D41B018B86C38003A4D7A /* GoogleMaps.bundle in Resources */ = {isa = PBXBuildFile; fileRef = 570D41AF18B86C38003A4D7A /* GoogleMaps.bundle */; };
		570D41B218B86C4F003A4D7A /* AVFoundation.framework in Frameworks */ = {isa = PBXBuildFile; fileRef = 570D41B118B86C4F003A4D7A /* AVFoundation.framework */; };
		570D41B418B86C56003A4D7A /* CoreData.framework in Frameworks */ = {isa = PBXBuildFile; fileRef = 570D41B318B86C56003A4D7A /* CoreData.framework */; };
		570D41B618B86C60003A4D7A /* CoreText.framework in Frameworks */ = {isa = PBXBuildFile; fileRef = 570D41B518B86C60003A4D7A /* CoreText.framework */; };
		570D41B818B86C66003A4D7A /* GLKit.framework in Frameworks */ = {isa = PBXBuildFile; fileRef = 570D41B718B86C66003A4D7A /* GLKit.framework */; };
		570D41BA18B86C70003A4D7A /* ImageIO.framework in Frameworks */ = {isa = PBXBuildFile; fileRef = 570D41B918B86C70003A4D7A /* ImageIO.framework */; };
		570D41BC18B86C7A003A4D7A /* libc++.dylib in Frameworks */ = {isa = PBXBuildFile; fileRef = 570D41BB18B86C7A003A4D7A /* libc++.dylib */; };
		570D41BE18B86C82003A4D7A /* libicucore.dylib in Frameworks */ = {isa = PBXBuildFile; fileRef = 570D41BD18B86C82003A4D7A /* libicucore.dylib */; };
		570D41C018B86C90003A4D7A /* OpenGLES.framework in Frameworks */ = {isa = PBXBuildFile; fileRef = 570D41BF18B86C90003A4D7A /* OpenGLES.framework */; };
		570D41C218B86C96003A4D7A /* QuartzCore.framework in Frameworks */ = {isa = PBXBuildFile; fileRef = 570D41C118B86C96003A4D7A /* QuartzCore.framework */; };
		570D41C418B86C9D003A4D7A /* SystemConfiguration.framework in Frameworks */ = {isa = PBXBuildFile; fileRef = 570D41C318B86C9D003A4D7A /* SystemConfiguration.framework */; };
		570D41C618B879A4003A4D7A /* close.png in Resources */ = {isa = PBXBuildFile; fileRef = 570D41C518B879A4003A4D7A /* close.png */; };
		570D41C918B87C7A003A4D7A /* SCFindEnderecoViewController.m in Sources */ = {isa = PBXBuildFile; fileRef = 570D41C818B87C7A003A4D7A /* SCFindEnderecoViewController.m */; };
		570D41D218B8A6FA003A4D7A /* target.png in Resources */ = {isa = PBXBuildFile; fileRef = 570D41D118B8A6FA003A4D7A /* target.png */; };
		57205A68189AFB7200AD142D /* arrastao.png in Resources */ = {isa = PBXBuildFile; fileRef = 57205A5D189AFB7200AD142D /* arrastao.png */; };
		57205A69189AFB7200AD142D /* sequestro.png in Resources */ = {isa = PBXBuildFile; fileRef = 57205A5E189AFB7200AD142D /* sequestro.png */; };
		57205A6A189AFB7200AD142D /* arrombamento.png in Resources */ = {isa = PBXBuildFile; fileRef = 57205A5F189AFB7200AD142D /* arrombamento.png */; };
		57205A6B189AFB7200AD142D /* comercio.png in Resources */ = {isa = PBXBuildFile; fileRef = 57205A60189AFB7200AD142D /* comercio.png */; };
		57205A6C189AFB7200AD142D /* atentado.png in Resources */ = {isa = PBXBuildFile; fileRef = 57205A61189AFB7200AD142D /* atentado.png */; };
		57205A6D189AFB7200AD142D /* acidente.png in Resources */ = {isa = PBXBuildFile; fileRef = 57205A62189AFB7200AD142D /* acidente.png */; };
		57205A6E189AFB7200AD142D /* suspeita.png in Resources */ = {isa = PBXBuildFile; fileRef = 57205A63189AFB7200AD142D /* suspeita.png */; };
		57205A6F189AFB7200AD142D /* disparodealarme.png in Resources */ = {isa = PBXBuildFile; fileRef = 57205A64189AFB7200AD142D /* disparodealarme.png */; };
		57205A70189AFB7200AD142D /* assaltoemcurso.png in Resources */ = {isa = PBXBuildFile; fileRef = 57205A65189AFB7200AD142D /* assaltoemcurso.png */; };
		57205A71189AFB7200AD142D /* assato.png in Resources */ = {isa = PBXBuildFile; fileRef = 57205A66189AFB7200AD142D /* assato.png */; };
		57205A72189AFB7200AD142D /* furto.png in Resources */ = {isa = PBXBuildFile; fileRef = 57205A67189AFB7200AD142D /* furto.png */; };
		573ECC9318916A6900B4A5C4 /* libz.dylib in Frameworks */ = {isa = PBXBuildFile; fileRef = 573ECC9218916A6900B4A5C4 /* libz.dylib */; };
		574F689B18BB06610073031B /* SCAgradecimentoViewController.m in Sources */ = {isa = PBXBuildFile; fileRef = 574F689A18BB06610073031B /* SCAgradecimentoViewController.m */; };
		574F689E18BB116C0073031B /* SCConfiguracoesViewController.m in Sources */ = {isa = PBXBuildFile; fileRef = 574F689D18BB116C0073031B /* SCConfiguracoesViewController.m */; };
		574F68A118BB25AB0073031B /* SCEnderecoViewController.m in Sources */ = {isa = PBXBuildFile; fileRef = 574F68A018BB25AB0073031B /* SCEnderecoViewController.m */; };
		575B611D18900DC2002244E3 /* Foundation.framework in Frameworks */ = {isa = PBXBuildFile; fileRef = 575B611C18900DC2002244E3 /* Foundation.framework */; };
		575B611F18900DC2002244E3 /* CoreGraphics.framework in Frameworks */ = {isa = PBXBuildFile; fileRef = 575B611E18900DC2002244E3 /* CoreGraphics.framework */; };
		575B612118900DC2002244E3 /* UIKit.framework in Frameworks */ = {isa = PBXBuildFile; fileRef = 575B612018900DC2002244E3 /* UIKit.framework */; };
		575B612718900DC2002244E3 /* InfoPlist.strings in Resources */ = {isa = PBXBuildFile; fileRef = 575B612518900DC2002244E3 /* InfoPlist.strings */; };
		575B612918900DC2002244E3 /* main.m in Sources */ = {isa = PBXBuildFile; fileRef = 575B612818900DC2002244E3 /* main.m */; };
		575B612D18900DC2002244E3 /* SCAppDelegate.m in Sources */ = {isa = PBXBuildFile; fileRef = 575B612C18900DC2002244E3 /* SCAppDelegate.m */; };
		575B613018900DC2002244E3 /* Main.storyboard in Resources */ = {isa = PBXBuildFile; fileRef = 575B612E18900DC2002244E3 /* Main.storyboard */; };
		575B613318900DC2002244E3 /* SCViewController.m in Sources */ = {isa = PBXBuildFile; fileRef = 575B613218900DC2002244E3 /* SCViewController.m */; };
		575B613518900DC2002244E3 /* Images.xcassets in Resources */ = {isa = PBXBuildFile; fileRef = 575B613418900DC2002244E3 /* Images.xcassets */; };
		575B613C18900DC2002244E3 /* XCTest.framework in Frameworks */ = {isa = PBXBuildFile; fileRef = 575B613B18900DC2002244E3 /* XCTest.framework */; };
		575B613D18900DC2002244E3 /* Foundation.framework in Frameworks */ = {isa = PBXBuildFile; fileRef = 575B611C18900DC2002244E3 /* Foundation.framework */; };
		575B613E18900DC2002244E3 /* UIKit.framework in Frameworks */ = {isa = PBXBuildFile; fileRef = 575B612018900DC2002244E3 /* UIKit.framework */; };
		575B614618900DC2002244E3 /* InfoPlist.strings in Resources */ = {isa = PBXBuildFile; fileRef = 575B614418900DC2002244E3 /* InfoPlist.strings */; };
		575B614818900DC2002244E3 /* SeeCityTests.m in Sources */ = {isa = PBXBuildFile; fileRef = 575B614718900DC2002244E3 /* SeeCityTests.m */; };
		575B615518900F08002244E3 /* logo58.png in Resources */ = {isa = PBXBuildFile; fileRef = 575B615218900F08002244E3 /* logo58.png */; };
		575B615618900F08002244E3 /* logo80.png in Resources */ = {isa = PBXBuildFile; fileRef = 575B615318900F08002244E3 /* logo80.png */; };
		575B615718900F08002244E3 /* logo120.png in Resources */ = {isa = PBXBuildFile; fileRef = 575B615418900F08002244E3 /* logo120.png */; };
		575B615A18900F8B002244E3 /* splash_568.png in Resources */ = {isa = PBXBuildFile; fileRef = 575B615818900F8B002244E3 /* splash_568.png */; };
		575B615B18900F8B002244E3 /* splash.png in Resources */ = {isa = PBXBuildFile; fileRef = 575B615918900F8B002244E3 /* splash.png */; };
		579F348D192ED0AC009F42FF /* delegacias.png in Resources */ = {isa = PBXBuildFile; fileRef = 579F348A192ED0AC009F42FF /* delegacias.png */; };
		579F348E192ED0AC009F42FF /* menu2.png in Resources */ = {isa = PBXBuildFile; fileRef = 579F348B192ED0AC009F42FF /* menu2.png */; };
		579F348F192ED0AC009F42FF /* registrar.png in Resources */ = {isa = PBXBuildFile; fileRef = 579F348C192ED0AC009F42FF /* registrar.png */; };
		579F3491192EDCED009F42FF /* fundolixo.png in Resources */ = {isa = PBXBuildFile; fileRef = 579F3490192EDCED009F42FF /* fundolixo.png */; };
		579F3493192EDD2B009F42FF /* botoeslixo.png in Resources */ = {isa = PBXBuildFile; fileRef = 579F3492192EDD2B009F42FF /* botoeslixo.png */; };
		579F349D192EE551009F42FF /* AKLookups.m in Sources */ = {isa = PBXBuildFile; fileRef = 579F3496192EE551009F42FF /* AKLookups.m */; };
		579F349E192EE551009F42FF /* AKLookupsListViewController.m in Sources */ = {isa = PBXBuildFile; fileRef = 579F3498192EE551009F42FF /* AKLookupsListViewController.m */; };
		579F349F192EE551009F42FF /* NSString+StringSizeWithFont.m in Sources */ = {isa = PBXBuildFile; fileRef = 579F349A192EE551009F42FF /* NSString+StringSizeWithFont.m */; };
		579F34A0192EE551009F42FF /* selector_btn_arrow.png in Resources */ = {isa = PBXBuildFile; fileRef = 579F349B192EE551009F42FF /* selector_btn_arrow.png */; };
		579F34A1192EE551009F42FF /* selector_btn_arrow@2x.png in Resources */ = {isa = PBXBuildFile; fileRef = 579F349C192EE551009F42FF /* selector_btn_arrow@2x.png */; };
		579F34A4192EEAE5009F42FF /* TipoListagem.m in Sources */ = {isa = PBXBuildFile; fileRef = 579F34A3192EEAE5009F42FF /* TipoListagem.m */; };
		579F34A7192F0134009F42FF /* SCDelegaciaViewController.m in Sources */ = {isa = PBXBuildFile; fileRef = 579F34A6192F0134009F42FF /* SCDelegaciaViewController.m */; };
		579F34AA192F0348009F42FF /* SCDelegaciaTableViewCell.m in Sources */ = {isa = PBXBuildFile; fileRef = 579F34A9192F0348009F42FF /* SCDelegaciaTableViewCell.m */; };
		57A3D336191083E100316363 /* FacebookSDK.framework in Frameworks */ = {isa = PBXBuildFile; fileRef = 57A3D335191083E100316363 /* FacebookSDK.framework */; };
		57A3D3371910847900316363 /* libTestFlight.a in Frameworks */ = {isa = PBXBuildFile; fileRef = 570D419418B85761003A4D7A /* libTestFlight.a */; };
		57BD4138192BBFF3006BEFEE /* Pagina-para-login.png in Resources */ = {isa = PBXBuildFile; fileRef = 57BD4137192BBFF3006BEFEE /* Pagina-para-login.png */; };
		57C9351E19186FDF00503059 /* enter_512.png in Resources */ = {isa = PBXBuildFile; fileRef = 57C9351C19186FDF00503059 /* enter_512.png */; };
		57C9351F19186FDF00503059 /* icon_facebook.png in Resources */ = {isa = PBXBuildFile; fileRef = 57C9351D19186FDF00503059 /* icon_facebook.png */; };
		57C93521191872B400503059 /* btnEntrar.png in Resources */ = {isa = PBXBuildFile; fileRef = 57C93520191872B400503059 /* btnEntrar.png */; };
		57C935231918734500503059 /* btnFacebook.png in Resources */ = {isa = PBXBuildFile; fileRef = 57C935221918734500503059 /* btnFacebook.png */; };
		57C93525191875BD00503059 /* cadastre-se.png in Resources */ = {isa = PBXBuildFile; fileRef = 57C93524191875BD00503059 /* cadastre-se.png */; };
		57C9352719187CE900503059 /* btnPassword.png in Resources */ = {isa = PBXBuildFile; fileRef = 57C9352619187CE900503059 /* btnPassword.png */; };
		57C935291918891300503059 /* menu.png in Resources */ = {isa = PBXBuildFile; fileRef = 57C935281918891300503059 /* menu.png */; };
		57C9352B19188E8A00503059 /* cancel-256.png in Resources */ = {isa = PBXBuildFile; fileRef = 57C9352A19188E8A00503059 /* cancel-256.png */; };
		57C9352E1918906900503059 /* SCDetalheViewController.m in Sources */ = {isa = PBXBuildFile; fileRef = 57C9352D1918906900503059 /* SCDetalheViewController.m */; };
		57C93544191891BE00503059 /* MZAppearance.m in Sources */ = {isa = PBXBuildFile; fileRef = 57C93532191891BE00503059 /* MZAppearance.m */; };
		57C93545191891BE00503059 /* NSInvocation+Copy.m in Sources */ = {isa = PBXBuildFile; fileRef = 57C93534191891BE00503059 /* NSInvocation+Copy.m */; };
		57C93546191891BE00503059 /* MZFormSheetBackgroundWindow.m in Sources */ = {isa = PBXBuildFile; fileRef = 57C93537191891BE00503059 /* MZFormSheetBackgroundWindow.m */; };
		57C93547191891BE00503059 /* MZFormSheetBackgroundWindowViewController.m in Sources */ = {isa = PBXBuildFile; fileRef = 57C93539191891BE00503059 /* MZFormSheetBackgroundWindowViewController.m */; };
		57C93548191891BE00503059 /* MZFormSheetController.m in Sources */ = {isa = PBXBuildFile; fileRef = 57C9353B191891BE00503059 /* MZFormSheetController.m */; };
		57C93549191891BE00503059 /* MZFormSheetSegue.m in Sources */ = {isa = PBXBuildFile; fileRef = 57C9353D191891BE00503059 /* MZFormSheetSegue.m */; };
		57C9354A191891BE00503059 /* MZTransition.m in Sources */ = {isa = PBXBuildFile; fileRef = 57C9353F191891BE00503059 /* MZTransition.m */; };
		57C9354B191891BE00503059 /* UIImage+Additional.m in Sources */ = {isa = PBXBuildFile; fileRef = 57C93541191891BE00503059 /* UIImage+Additional.m */; };
		57C9354C191891BE00503059 /* UIViewController+TargetViewController.m in Sources */ = {isa = PBXBuildFile; fileRef = 57C93543191891BE00503059 /* UIViewController+TargetViewController.m */; };
		57C9354E19189D8B00503059 /* like.png in Resources */ = {isa = PBXBuildFile; fileRef = 57C9354D19189D8B00503059 /* like.png */; };
		57C9355019189E2700503059 /* comentar.png in Resources */ = {isa = PBXBuildFile; fileRef = 57C9354F19189E2700503059 /* comentar.png */; };
		57CD4A4B1890139900ECDFDF /* background-568h@2x.png in Resources */ = {isa = PBXBuildFile; fileRef = 57CD4A491890139900ECDFDF /* background-568h@2x.png */; };
		57CD4A4C1890139900ECDFDF /* background.png in Resources */ = {isa = PBXBuildFile; fileRef = 57CD4A4A1890139900ECDFDF /* background.png */; };
		57CD4A4E1890161800ECDFDF /* logo.png in Resources */ = {isa = PBXBuildFile; fileRef = 57CD4A4D1890161800ECDFDF /* logo.png */; };
		57CD4A501890166600ECDFDF /* bg_input.png in Resources */ = {isa = PBXBuildFile; fileRef = 57CD4A4F1890166600ECDFDF /* bg_input.png */; };
		57F800101890C244001BCFAB /* Globais.m in Sources */ = {isa = PBXBuildFile; fileRef = 57F8000F1890C244001BCFAB /* Globais.m */; };
		57F800151890C4F4001BCFAB /* MBProgressHUD.m in Sources */ = {isa = PBXBuildFile; fileRef = 57F800141890C4F4001BCFAB /* MBProgressHUD.m */; };
		57F8001A1890CD40001BCFAB /* SCHomeViewController.m in Sources */ = {isa = PBXBuildFile; fileRef = 57F800191890CD40001BCFAB /* SCHomeViewController.m */; };
		57F8001F1890CED3001BCFAB /* line.png in Resources */ = {isa = PBXBuildFile; fileRef = 57F8001B1890CED3001BCFAB /* line.png */; };
		57F800201890CED3001BCFAB /* btnReportar.png in Resources */ = {isa = PBXBuildFile; fileRef = 57F8001C1890CED3001BCFAB /* btnReportar.png */; };
		57F800211890CED3001BCFAB /* btnVisualizarMapa.png in Resources */ = {isa = PBXBuildFile; fileRef = 57F8001D1890CED3001BCFAB /* btnVisualizarMapa.png */; };
		57F800221890CED3001BCFAB /* btnMapa.png in Resources */ = {isa = PBXBuildFile; fileRef = 57F8001E1890CED3001BCFAB /* btnMapa.png */; };
		57F800251890D5F9001BCFAB /* SCReportarViewController.m in Sources */ = {isa = PBXBuildFile; fileRef = 57F800241890D5F9001BCFAB /* SCReportarViewController.m */; };
		57F800291890DA9C001BCFAB /* btnBottomEndereco.png in Resources */ = {isa = PBXBuildFile; fileRef = 57F800261890DA9C001BCFAB /* btnBottomEndereco.png */; };
		57F8002A1890DA9C001BCFAB /* btnBottomVisuMapa.png in Resources */ = {isa = PBXBuildFile; fileRef = 57F800271890DA9C001BCFAB /* btnBottomVisuMapa.png */; };
		57F8002B1890DA9C001BCFAB /* btnBottomMenu.png in Resources */ = {isa = PBXBuildFile; fileRef = 57F800281890DA9C001BCFAB /* btnBottomMenu.png */; };
		57F8002D1890DCC1001BCFAB /* logoReportar.png in Resources */ = {isa = PBXBuildFile; fileRef = 57F8002C1890DCC1001BCFAB /* logoReportar.png */; };
		57F8002F1890DEDF001BCFAB /* CoreLocation.framework in Frameworks */ = {isa = PBXBuildFile; fileRef = 57F8002E1890DEDF001BCFAB /* CoreLocation.framework */; };
		57F800311890DEE7001BCFAB /* MapKit.framework in Frameworks */ = {isa = PBXBuildFile; fileRef = 57F800301890DEE7001BCFAB /* MapKit.framework */; };
		57FACD90189039910035EC72 /* SCCadastroViewController.m in Sources */ = {isa = PBXBuildFile; fileRef = 57FACD8F189039910035EC72 /* SCCadastroViewController.m */; };
		5D97B34618A9BAD8006AE9A0 /* AFHTTPRequestOperation.m in Sources */ = {isa = PBXBuildFile; fileRef = 5D97B33418A9BAD8006AE9A0 /* AFHTTPRequestOperation.m */; };
		5D97B34718A9BAD8006AE9A0 /* AFHTTPRequestOperationManager.m in Sources */ = {isa = PBXBuildFile; fileRef = 5D97B33618A9BAD8006AE9A0 /* AFHTTPRequestOperationManager.m */; };
		5D97B34818A9BAD8006AE9A0 /* AFHTTPSessionManager.m in Sources */ = {isa = PBXBuildFile; fileRef = 5D97B33818A9BAD8006AE9A0 /* AFHTTPSessionManager.m */; };
		5D97B34918A9BAD8006AE9A0 /* AFNetworkReachabilityManager.m in Sources */ = {isa = PBXBuildFile; fileRef = 5D97B33B18A9BAD8006AE9A0 /* AFNetworkReachabilityManager.m */; };
		5D97B34A18A9BAD8006AE9A0 /* AFSecurityPolicy.m in Sources */ = {isa = PBXBuildFile; fileRef = 5D97B33D18A9BAD8006AE9A0 /* AFSecurityPolicy.m */; };
		5D97B34B18A9BAD8006AE9A0 /* AFURLConnectionOperation.m in Sources */ = {isa = PBXBuildFile; fileRef = 5D97B33F18A9BAD8006AE9A0 /* AFURLConnectionOperation.m */; };
		5D97B34C18A9BAD8006AE9A0 /* AFURLRequestSerialization.m in Sources */ = {isa = PBXBuildFile; fileRef = 5D97B34118A9BAD8006AE9A0 /* AFURLRequestSerialization.m */; };
		5D97B34D18A9BAD8006AE9A0 /* AFURLResponseSerialization.m in Sources */ = {isa = PBXBuildFile; fileRef = 5D97B34318A9BAD8006AE9A0 /* AFURLResponseSerialization.m */; };
		5D97B34E18A9BAD8006AE9A0 /* AFURLSessionManager.m in Sources */ = {isa = PBXBuildFile; fileRef = 5D97B34518A9BAD8006AE9A0 /* AFURLSessionManager.m */; };
		5D97B35218A9D111006AE9A0 /* SCUsuario.m in Sources */ = {isa = PBXBuildFile; fileRef = 5D97B35118A9D111006AE9A0 /* SCUsuario.m */; };
		5D97B35518AA9EBA006AE9A0 /* SCCrime.m in Sources */ = {isa = PBXBuildFile; fileRef = 5D97B35418AA9EBA006AE9A0 /* SCCrime.m */; };
		5D97B35A18AAAD78006AE9A0 /* configuracoes.png in Resources */ = {isa = PBXBuildFile; fileRef = 5D97B35618AAAD77006AE9A0 /* configuracoes.png */; };
		5D97B35B18AAAD78006AE9A0 /* lista_novo.png in Resources */ = {isa = PBXBuildFile; fileRef = 5D97B35718AAAD77006AE9A0 /* lista_novo.png */; };
		5D97B35C18AAAD78006AE9A0 /* procurar_novo.png in Resources */ = {isa = PBXBuildFile; fileRef = 5D97B35818AAAD77006AE9A0 /* procurar_novo.png */; };
		5D97B35D18AAAD78006AE9A0 /* reportar_novo.png in Resources */ = {isa = PBXBuildFile; fileRef = 5D97B35918AAAD77006AE9A0 /* reportar_novo.png */; };
/* End PBXBuildFile section */

/* Begin PBXContainerItemProxy section */
		575B613F18900DC2002244E3 /* PBXContainerItemProxy */ = {
			isa = PBXContainerItemProxy;
			containerPortal = 575B611118900DC1002244E3 /* Project object */;
			proxyType = 1;
			remoteGlobalIDString = 575B611818900DC2002244E3;
			remoteInfo = SeeCity;
		};
/* End PBXContainerItemProxy section */

/* Begin PBXFileReference section */
		5702CC721890F00800F6B951 /* SCCrimesViewController.h */ = {isa = PBXFileReference; fileEncoding = 4; lastKnownFileType = sourcecode.c.h; path = SCCrimesViewController.h; sourceTree = "<group>"; };
		5702CC731890F00800F6B951 /* SCCrimesViewController.m */ = {isa = PBXFileReference; fileEncoding = 4; lastKnownFileType = sourcecode.c.objc; path = SCCrimesViewController.m; sourceTree = "<group>"; };
		5702CC751890F61000F6B951 /* imagemTemp.png */ = {isa = PBXFileReference; lastKnownFileType = image.png; path = imagemTemp.png; sourceTree = "<group>"; };
		5702CC771890F67000F6B951 /* btnBottomReportar.png */ = {isa = PBXFileReference; lastKnownFileType = image.png; path = btnBottomReportar.png; sourceTree = "<group>"; };
		5702CC791890F67400F6B951 /* Tipo.png */ = {isa = PBXFileReference; lastKnownFileType = image.png; path = Tipo.png; sourceTree = "<group>"; };
		5702CC7C1890F81100F6B951 /* SCCrimesCell.h */ = {isa = PBXFileReference; fileEncoding = 4; lastKnownFileType = sourcecode.c.h; path = SCCrimesCell.h; sourceTree = "<group>"; };
		5702CC7D1890F81100F6B951 /* SCCrimesCell.m */ = {isa = PBXFileReference; fileEncoding = 4; lastKnownFileType = sourcecode.c.objc; path = SCCrimesCell.m; sourceTree = "<group>"; };
		5702CC7F1890FCF700F6B951 /* btnNada.png */ = {isa = PBXFileReference; lastKnownFileType = image.png; path = btnNada.png; sourceTree = "<group>"; };
		570D418C18B85344003A4D7A /* bgbuttom.png */ = {isa = PBXFileReference; lastKnownFileType = image.png; path = bgbuttom.png; sourceTree = "<group>"; };
		570D418E18B85425003A4D7A /* SCLoginViewController.h */ = {isa = PBXFileReference; fileEncoding = 4; lastKnownFileType = sourcecode.c.h; path = SCLoginViewController.h; sourceTree = "<group>"; };
		570D418F18B85425003A4D7A /* SCLoginViewController.m */ = {isa = PBXFileReference; fileEncoding = 4; lastKnownFileType = sourcecode.c.objc; path = SCLoginViewController.m; sourceTree = "<group>"; };
		570D419118B8571F003A4D7A /* FacebookSDK.framework */ = {isa = PBXFileReference; lastKnownFileType = wrapper.framework; path = FacebookSDK.framework; sourceTree = "<group>"; };
		570D419418B85761003A4D7A /* libTestFlight.a */ = {isa = PBXFileReference; lastKnownFileType = archive.ar; path = libTestFlight.a; sourceTree = "<group>"; };
		570D419518B85761003A4D7A /* README.md */ = {isa = PBXFileReference; fileEncoding = 4; lastKnownFileType = text; path = README.md; sourceTree = "<group>"; };
		570D419618B85761003A4D7A /* release_notes.md */ = {isa = PBXFileReference; fileEncoding = 4; lastKnownFileType = text; path = release_notes.md; sourceTree = "<group>"; };
		570D419718B85761003A4D7A /* TestFlight+AsyncLogging.h */ = {isa = PBXFileReference; fileEncoding = 4; lastKnownFileType = sourcecode.c.h; path = "TestFlight+AsyncLogging.h"; sourceTree = "<group>"; };
		570D419818B85761003A4D7A /* TestFlight+ManualSessions.h */ = {isa = PBXFileReference; fileEncoding = 4; lastKnownFileType = sourcecode.c.h; path = "TestFlight+ManualSessions.h"; sourceTree = "<group>"; };
		570D419918B85761003A4D7A /* TestFlight.h */ = {isa = PBXFileReference; fileEncoding = 4; lastKnownFileType = sourcecode.c.h; path = TestFlight.h; sourceTree = "<group>"; };
		570D419D18B85DDA003A4D7A /* crimes.png */ = {isa = PBXFileReference; lastKnownFileType = image.png; path = crimes.png; sourceTree = "<group>"; };
		570D419E18B85DDA003A4D7A /* configuracao.png */ = {isa = PBXFileReference; lastKnownFileType = image.png; path = configuracao.png; sourceTree = "<group>"; };
		570D419F18B85DDA003A4D7A /* reportar.png */ = {isa = PBXFileReference; lastKnownFileType = image.png; path = reportar.png; sourceTree = "<group>"; };
		570D41A018B85DDA003A4D7A /* procurar.png */ = {isa = PBXFileReference; lastKnownFileType = image.png; path = procurar.png; sourceTree = "<group>"; };
		570D41A518B860BC003A4D7A /* bgbuttonlogado.png */ = {isa = PBXFileReference; lastKnownFileType = image.png; path = bgbuttonlogado.png; sourceTree = "<group>"; };
		570D41A618B860BC003A4D7A /* btnbuscarendereco.png */ = {isa = PBXFileReference; lastKnownFileType = image.png; path = btnbuscarendereco.png; sourceTree = "<group>"; };
		570D41A918B864EB003A4D7A /* bgbtnordenar.png */ = {isa = PBXFileReference; lastKnownFileType = image.png; path = bgbtnordenar.png; sourceTree = "<group>"; };
		570D41AB18B86BE4003A4D7A /* GoogleMaps.framework */ = {isa = PBXFileReference; lastKnownFileType = wrapper.framework; path = GoogleMaps.framework; sourceTree = "<group>"; };
		570D41AF18B86C38003A4D7A /* GoogleMaps.bundle */ = {isa = PBXFileReference; lastKnownFileType = "wrapper.plug-in"; name = GoogleMaps.bundle; path = GoogleMaps.framework/Versions/A/Resources/GoogleMaps.bundle; sourceTree = "<group>"; };
		570D41B118B86C4F003A4D7A /* AVFoundation.framework */ = {isa = PBXFileReference; lastKnownFileType = wrapper.framework; name = AVFoundation.framework; path = System/Library/Frameworks/AVFoundation.framework; sourceTree = SDKROOT; };
		570D41B318B86C56003A4D7A /* CoreData.framework */ = {isa = PBXFileReference; lastKnownFileType = wrapper.framework; name = CoreData.framework; path = System/Library/Frameworks/CoreData.framework; sourceTree = SDKROOT; };
		570D41B518B86C60003A4D7A /* CoreText.framework */ = {isa = PBXFileReference; lastKnownFileType = wrapper.framework; name = CoreText.framework; path = System/Library/Frameworks/CoreText.framework; sourceTree = SDKROOT; };
		570D41B718B86C66003A4D7A /* GLKit.framework */ = {isa = PBXFileReference; lastKnownFileType = wrapper.framework; name = GLKit.framework; path = System/Library/Frameworks/GLKit.framework; sourceTree = SDKROOT; };
		570D41B918B86C70003A4D7A /* ImageIO.framework */ = {isa = PBXFileReference; lastKnownFileType = wrapper.framework; name = ImageIO.framework; path = System/Library/Frameworks/ImageIO.framework; sourceTree = SDKROOT; };
		570D41BB18B86C7A003A4D7A /* libc++.dylib */ = {isa = PBXFileReference; lastKnownFileType = "compiled.mach-o.dylib"; name = "libc++.dylib"; path = "usr/lib/libc++.dylib"; sourceTree = SDKROOT; };
		570D41BD18B86C82003A4D7A /* libicucore.dylib */ = {isa = PBXFileReference; lastKnownFileType = "compiled.mach-o.dylib"; name = libicucore.dylib; path = usr/lib/libicucore.dylib; sourceTree = SDKROOT; };
		570D41BF18B86C90003A4D7A /* OpenGLES.framework */ = {isa = PBXFileReference; lastKnownFileType = wrapper.framework; name = OpenGLES.framework; path = System/Library/Frameworks/OpenGLES.framework; sourceTree = SDKROOT; };
		570D41C118B86C96003A4D7A /* QuartzCore.framework */ = {isa = PBXFileReference; lastKnownFileType = wrapper.framework; name = QuartzCore.framework; path = System/Library/Frameworks/QuartzCore.framework; sourceTree = SDKROOT; };
		570D41C318B86C9D003A4D7A /* SystemConfiguration.framework */ = {isa = PBXFileReference; lastKnownFileType = wrapper.framework; name = SystemConfiguration.framework; path = System/Library/Frameworks/SystemConfiguration.framework; sourceTree = SDKROOT; };
		570D41C518B879A4003A4D7A /* close.png */ = {isa = PBXFileReference; lastKnownFileType = image.png; path = close.png; sourceTree = "<group>"; };
		570D41C718B87C7A003A4D7A /* SCFindEnderecoViewController.h */ = {isa = PBXFileReference; fileEncoding = 4; lastKnownFileType = sourcecode.c.h; path = SCFindEnderecoViewController.h; sourceTree = "<group>"; };
		570D41C818B87C7A003A4D7A /* SCFindEnderecoViewController.m */ = {isa = PBXFileReference; fileEncoding = 4; lastKnownFileType = sourcecode.c.objc; path = SCFindEnderecoViewController.m; sourceTree = "<group>"; };
		570D41D118B8A6FA003A4D7A /* target.png */ = {isa = PBXFileReference; lastKnownFileType = image.png; path = target.png; sourceTree = "<group>"; };
		57205A5D189AFB7200AD142D /* arrastao.png */ = {isa = PBXFileReference; lastKnownFileType = image.png; path = arrastao.png; sourceTree = "<group>"; };
		57205A5E189AFB7200AD142D /* sequestro.png */ = {isa = PBXFileReference; lastKnownFileType = image.png; path = sequestro.png; sourceTree = "<group>"; };
		57205A5F189AFB7200AD142D /* arrombamento.png */ = {isa = PBXFileReference; lastKnownFileType = image.png; path = arrombamento.png; sourceTree = "<group>"; };
		57205A60189AFB7200AD142D /* comercio.png */ = {isa = PBXFileReference; lastKnownFileType = image.png; path = comercio.png; sourceTree = "<group>"; };
		57205A61189AFB7200AD142D /* atentado.png */ = {isa = PBXFileReference; lastKnownFileType = image.png; path = atentado.png; sourceTree = "<group>"; };
		57205A62189AFB7200AD142D /* acidente.png */ = {isa = PBXFileReference; lastKnownFileType = image.png; path = acidente.png; sourceTree = "<group>"; };
		57205A63189AFB7200AD142D /* suspeita.png */ = {isa = PBXFileReference; lastKnownFileType = image.png; path = suspeita.png; sourceTree = "<group>"; };
		57205A64189AFB7200AD142D /* disparodealarme.png */ = {isa = PBXFileReference; lastKnownFileType = image.png; path = disparodealarme.png; sourceTree = "<group>"; };
		57205A65189AFB7200AD142D /* assaltoemcurso.png */ = {isa = PBXFileReference; lastKnownFileType = image.png; path = assaltoemcurso.png; sourceTree = "<group>"; };
		57205A66189AFB7200AD142D /* assato.png */ = {isa = PBXFileReference; lastKnownFileType = image.png; path = assato.png; sourceTree = "<group>"; };
		57205A67189AFB7200AD142D /* furto.png */ = {isa = PBXFileReference; lastKnownFileType = image.png; path = furto.png; sourceTree = "<group>"; };
		573ECC9218916A6900B4A5C4 /* libz.dylib */ = {isa = PBXFileReference; lastKnownFileType = "compiled.mach-o.dylib"; name = libz.dylib; path = usr/lib/libz.dylib; sourceTree = SDKROOT; };
		574F689918BB06610073031B /* SCAgradecimentoViewController.h */ = {isa = PBXFileReference; fileEncoding = 4; lastKnownFileType = sourcecode.c.h; path = SCAgradecimentoViewController.h; sourceTree = "<group>"; };
		574F689A18BB06610073031B /* SCAgradecimentoViewController.m */ = {isa = PBXFileReference; fileEncoding = 4; lastKnownFileType = sourcecode.c.objc; path = SCAgradecimentoViewController.m; sourceTree = "<group>"; };
		574F689C18BB116C0073031B /* SCConfiguracoesViewController.h */ = {isa = PBXFileReference; fileEncoding = 4; lastKnownFileType = sourcecode.c.h; path = SCConfiguracoesViewController.h; sourceTree = "<group>"; };
		574F689D18BB116C0073031B /* SCConfiguracoesViewController.m */ = {isa = PBXFileReference; fileEncoding = 4; lastKnownFileType = sourcecode.c.objc; path = SCConfiguracoesViewController.m; sourceTree = "<group>"; };
		574F689F18BB25AB0073031B /* SCEnderecoViewController.h */ = {isa = PBXFileReference; fileEncoding = 4; lastKnownFileType = sourcecode.c.h; path = SCEnderecoViewController.h; sourceTree = "<group>"; };
		574F68A018BB25AB0073031B /* SCEnderecoViewController.m */ = {isa = PBXFileReference; fileEncoding = 4; lastKnownFileType = sourcecode.c.objc; path = SCEnderecoViewController.m; sourceTree = "<group>"; };
		575B611918900DC2002244E3 /* SeeCity.app */ = {isa = PBXFileReference; explicitFileType = wrapper.application; includeInIndex = 0; path = SeeCity.app; sourceTree = BUILT_PRODUCTS_DIR; };
		575B611C18900DC2002244E3 /* Foundation.framework */ = {isa = PBXFileReference; lastKnownFileType = wrapper.framework; name = Foundation.framework; path = System/Library/Frameworks/Foundation.framework; sourceTree = SDKROOT; };
		575B611E18900DC2002244E3 /* CoreGraphics.framework */ = {isa = PBXFileReference; lastKnownFileType = wrapper.framework; name = CoreGraphics.framework; path = System/Library/Frameworks/CoreGraphics.framework; sourceTree = SDKROOT; };
		575B612018900DC2002244E3 /* UIKit.framework */ = {isa = PBXFileReference; lastKnownFileType = wrapper.framework; name = UIKit.framework; path = System/Library/Frameworks/UIKit.framework; sourceTree = SDKROOT; };
		575B612418900DC2002244E3 /* SeeCity-Info.plist */ = {isa = PBXFileReference; lastKnownFileType = text.plist.xml; path = "SeeCity-Info.plist"; sourceTree = "<group>"; };
		575B612618900DC2002244E3 /* en */ = {isa = PBXFileReference; lastKnownFileType = text.plist.strings; name = en; path = en.lproj/InfoPlist.strings; sourceTree = "<group>"; };
		575B612818900DC2002244E3 /* main.m */ = {isa = PBXFileReference; lastKnownFileType = sourcecode.c.objc; path = main.m; sourceTree = "<group>"; };
		575B612A18900DC2002244E3 /* SeeCity-Prefix.pch */ = {isa = PBXFileReference; lastKnownFileType = sourcecode.c.h; path = "SeeCity-Prefix.pch"; sourceTree = "<group>"; };
		575B612B18900DC2002244E3 /* SCAppDelegate.h */ = {isa = PBXFileReference; lastKnownFileType = sourcecode.c.h; path = SCAppDelegate.h; sourceTree = "<group>"; };
		575B612C18900DC2002244E3 /* SCAppDelegate.m */ = {isa = PBXFileReference; lastKnownFileType = sourcecode.c.objc; path = SCAppDelegate.m; sourceTree = "<group>"; };
		575B612F18900DC2002244E3 /* Base */ = {isa = PBXFileReference; lastKnownFileType = file.storyboard; name = Base; path = Base.lproj/Main.storyboard; sourceTree = "<group>"; };
		575B613118900DC2002244E3 /* SCViewController.h */ = {isa = PBXFileReference; lastKnownFileType = sourcecode.c.h; path = SCViewController.h; sourceTree = "<group>"; };
		575B613218900DC2002244E3 /* SCViewController.m */ = {isa = PBXFileReference; lastKnownFileType = sourcecode.c.objc; path = SCViewController.m; sourceTree = "<group>"; };
		575B613418900DC2002244E3 /* Images.xcassets */ = {isa = PBXFileReference; lastKnownFileType = folder.assetcatalog; path = Images.xcassets; sourceTree = "<group>"; };
		575B613A18900DC2002244E3 /* SeeCityTests.xctest */ = {isa = PBXFileReference; explicitFileType = wrapper.cfbundle; includeInIndex = 0; path = SeeCityTests.xctest; sourceTree = BUILT_PRODUCTS_DIR; };
		575B613B18900DC2002244E3 /* XCTest.framework */ = {isa = PBXFileReference; lastKnownFileType = wrapper.framework; name = XCTest.framework; path = Library/Frameworks/XCTest.framework; sourceTree = DEVELOPER_DIR; };
		575B614318900DC2002244E3 /* SeeCityTests-Info.plist */ = {isa = PBXFileReference; lastKnownFileType = text.plist.xml; path = "SeeCityTests-Info.plist"; sourceTree = "<group>"; };
		575B614518900DC2002244E3 /* en */ = {isa = PBXFileReference; lastKnownFileType = text.plist.strings; name = en; path = en.lproj/InfoPlist.strings; sourceTree = "<group>"; };
		575B614718900DC2002244E3 /* SeeCityTests.m */ = {isa = PBXFileReference; lastKnownFileType = sourcecode.c.objc; path = SeeCityTests.m; sourceTree = "<group>"; };
		575B615218900F08002244E3 /* logo58.png */ = {isa = PBXFileReference; lastKnownFileType = image.png; path = logo58.png; sourceTree = "<group>"; };
		575B615318900F08002244E3 /* logo80.png */ = {isa = PBXFileReference; lastKnownFileType = image.png; path = logo80.png; sourceTree = "<group>"; };
		575B615418900F08002244E3 /* logo120.png */ = {isa = PBXFileReference; lastKnownFileType = image.png; path = logo120.png; sourceTree = "<group>"; };
		575B615818900F8B002244E3 /* splash_568.png */ = {isa = PBXFileReference; lastKnownFileType = image.png; path = splash_568.png; sourceTree = "<group>"; };
		575B615918900F8B002244E3 /* splash.png */ = {isa = PBXFileReference; lastKnownFileType = image.png; path = splash.png; sourceTree = "<group>"; };
		579F348A192ED0AC009F42FF /* delegacias.png */ = {isa = PBXFileReference; lastKnownFileType = image.png; path = delegacias.png; sourceTree = "<group>"; };
		579F348B192ED0AC009F42FF /* menu2.png */ = {isa = PBXFileReference; lastKnownFileType = image.png; path = menu2.png; sourceTree = "<group>"; };
		579F348C192ED0AC009F42FF /* registrar.png */ = {isa = PBXFileReference; lastKnownFileType = image.png; path = registrar.png; sourceTree = "<group>"; };
		579F3490192EDCED009F42FF /* fundolixo.png */ = {isa = PBXFileReference; lastKnownFileType = image.png; path = fundolixo.png; sourceTree = "<group>"; };
		579F3492192EDD2B009F42FF /* botoeslixo.png */ = {isa = PBXFileReference; lastKnownFileType = image.png; path = botoeslixo.png; sourceTree = "<group>"; };
		579F3495192EE551009F42FF /* AKLookups.h */ = {isa = PBXFileReference; fileEncoding = 4; lastKnownFileType = sourcecode.c.h; path = AKLookups.h; sourceTree = "<group>"; };
		579F3496192EE551009F42FF /* AKLookups.m */ = {isa = PBXFileReference; fileEncoding = 4; lastKnownFileType = sourcecode.c.objc; path = AKLookups.m; sourceTree = "<group>"; };
		579F3497192EE551009F42FF /* AKLookupsListViewController.h */ = {isa = PBXFileReference; fileEncoding = 4; lastKnownFileType = sourcecode.c.h; path = AKLookupsListViewController.h; sourceTree = "<group>"; };
		579F3498192EE551009F42FF /* AKLookupsListViewController.m */ = {isa = PBXFileReference; fileEncoding = 4; lastKnownFileType = sourcecode.c.objc; path = AKLookupsListViewController.m; sourceTree = "<group>"; };
		579F3499192EE551009F42FF /* NSString+StringSizeWithFont.h */ = {isa = PBXFileReference; fileEncoding = 4; lastKnownFileType = sourcecode.c.h; path = "NSString+StringSizeWithFont.h"; sourceTree = "<group>"; };
		579F349A192EE551009F42FF /* NSString+StringSizeWithFont.m */ = {isa = PBXFileReference; fileEncoding = 4; lastKnownFileType = sourcecode.c.objc; path = "NSString+StringSizeWithFont.m"; sourceTree = "<group>"; };
		579F349B192EE551009F42FF /* selector_btn_arrow.png */ = {isa = PBXFileReference; lastKnownFileType = image.png; path = selector_btn_arrow.png; sourceTree = "<group>"; };
		579F349C192EE551009F42FF /* selector_btn_arrow@2x.png */ = {isa = PBXFileReference; lastKnownFileType = image.png; path = "selector_btn_arrow@2x.png"; sourceTree = "<group>"; };
		579F34A2192EEAE5009F42FF /* TipoListagem.h */ = {isa = PBXFileReference; fileEncoding = 4; lastKnownFileType = sourcecode.c.h; path = TipoListagem.h; sourceTree = "<group>"; };
		579F34A3192EEAE5009F42FF /* TipoListagem.m */ = {isa = PBXFileReference; fileEncoding = 4; lastKnownFileType = sourcecode.c.objc; path = TipoListagem.m; sourceTree = "<group>"; };
		579F34A5192F0134009F42FF /* SCDelegaciaViewController.h */ = {isa = PBXFileReference; fileEncoding = 4; lastKnownFileType = sourcecode.c.h; path = SCDelegaciaViewController.h; sourceTree = "<group>"; };
		579F34A6192F0134009F42FF /* SCDelegaciaViewController.m */ = {isa = PBXFileReference; fileEncoding = 4; lastKnownFileType = sourcecode.c.objc; path = SCDelegaciaViewController.m; sourceTree = "<group>"; };
		579F34A8192F0348009F42FF /* SCDelegaciaTableViewCell.h */ = {isa = PBXFileReference; fileEncoding = 4; lastKnownFileType = sourcecode.c.h; path = SCDelegaciaTableViewCell.h; sourceTree = "<group>"; };
		579F34A9192F0348009F42FF /* SCDelegaciaTableViewCell.m */ = {isa = PBXFileReference; fileEncoding = 4; lastKnownFileType = sourcecode.c.objc; path = SCDelegaciaTableViewCell.m; sourceTree = "<group>"; };
		57A3D335191083E100316363 /* FacebookSDK.framework */ = {isa = PBXFileReference; lastKnownFileType = wrapper.framework; path = FacebookSDK.framework; sourceTree = "<group>"; };
		57BD4137192BBFF3006BEFEE /* Pagina-para-login.png */ = {isa = PBXFileReference; lastKnownFileType = image.png; path = "Pagina-para-login.png"; sourceTree = "<group>"; };
		57C9351C19186FDF00503059 /* enter_512.png */ = {isa = PBXFileReference; lastKnownFileType = image.png; path = enter_512.png; sourceTree = "<group>"; };
		57C9351D19186FDF00503059 /* icon_facebook.png */ = {isa = PBXFileReference; lastKnownFileType = image.png; path = icon_facebook.png; sourceTree = "<group>"; };
		57C93520191872B400503059 /* btnEntrar.png */ = {isa = PBXFileReference; lastKnownFileType = image.png; path = btnEntrar.png; sourceTree = "<group>"; };
		57C935221918734500503059 /* btnFacebook.png */ = {isa = PBXFileReference; lastKnownFileType = image.png; path = btnFacebook.png; sourceTree = "<group>"; };
		57C93524191875BD00503059 /* cadastre-se.png */ = {isa = PBXFileReference; lastKnownFileType = image.png; path = "cadastre-se.png"; sourceTree = "<group>"; };
		57C9352619187CE900503059 /* btnPassword.png */ = {isa = PBXFileReference; lastKnownFileType = image.png; path = btnPassword.png; sourceTree = "<group>"; };
		57C935281918891300503059 /* menu.png */ = {isa = PBXFileReference; lastKnownFileType = image.png; path = menu.png; sourceTree = "<group>"; };
		57C9352A19188E8A00503059 /* cancel-256.png */ = {isa = PBXFileReference; lastKnownFileType = image.png; path = "cancel-256.png"; sourceTree = "<group>"; };
		57C9352C1918906900503059 /* SCDetalheViewController.h */ = {isa = PBXFileReference; fileEncoding = 4; lastKnownFileType = sourcecode.c.h; path = SCDetalheViewController.h; sourceTree = "<group>"; };
		57C9352D1918906900503059 /* SCDetalheViewController.m */ = {isa = PBXFileReference; fileEncoding = 4; lastKnownFileType = sourcecode.c.objc; path = SCDetalheViewController.m; sourceTree = "<group>"; };
		57C93531191891BE00503059 /* MZAppearance.h */ = {isa = PBXFileReference; fileEncoding = 4; lastKnownFileType = sourcecode.c.h; path = MZAppearance.h; sourceTree = "<group>"; };
		57C93532191891BE00503059 /* MZAppearance.m */ = {isa = PBXFileReference; fileEncoding = 4; lastKnownFileType = sourcecode.c.objc; path = MZAppearance.m; sourceTree = "<group>"; };
		57C93533191891BE00503059 /* NSInvocation+Copy.h */ = {isa = PBXFileReference; fileEncoding = 4; lastKnownFileType = sourcecode.c.h; path = "NSInvocation+Copy.h"; sourceTree = "<group>"; };
		57C93534191891BE00503059 /* NSInvocation+Copy.m */ = {isa = PBXFileReference; fileEncoding = 4; lastKnownFileType = sourcecode.c.objc; path = "NSInvocation+Copy.m"; sourceTree = "<group>"; };
		57C93536191891BE00503059 /* MZFormSheetBackgroundWindow.h */ = {isa = PBXFileReference; fileEncoding = 4; lastKnownFileType = sourcecode.c.h; path = MZFormSheetBackgroundWindow.h; sourceTree = "<group>"; };
		57C93537191891BE00503059 /* MZFormSheetBackgroundWindow.m */ = {isa = PBXFileReference; fileEncoding = 4; lastKnownFileType = sourcecode.c.objc; path = MZFormSheetBackgroundWindow.m; sourceTree = "<group>"; };
		57C93538191891BE00503059 /* MZFormSheetBackgroundWindowViewController.h */ = {isa = PBXFileReference; fileEncoding = 4; lastKnownFileType = sourcecode.c.h; path = MZFormSheetBackgroundWindowViewController.h; sourceTree = "<group>"; };
		57C93539191891BE00503059 /* MZFormSheetBackgroundWindowViewController.m */ = {isa = PBXFileReference; fileEncoding = 4; lastKnownFileType = sourcecode.c.objc; path = MZFormSheetBackgroundWindowViewController.m; sourceTree = "<group>"; };
		57C9353A191891BE00503059 /* MZFormSheetController.h */ = {isa = PBXFileReference; fileEncoding = 4; lastKnownFileType = sourcecode.c.h; path = MZFormSheetController.h; sourceTree = "<group>"; };
		57C9353B191891BE00503059 /* MZFormSheetController.m */ = {isa = PBXFileReference; fileEncoding = 4; lastKnownFileType = sourcecode.c.objc; path = MZFormSheetController.m; sourceTree = "<group>"; };
		57C9353C191891BE00503059 /* MZFormSheetSegue.h */ = {isa = PBXFileReference; fileEncoding = 4; lastKnownFileType = sourcecode.c.h; path = MZFormSheetSegue.h; sourceTree = "<group>"; };
		57C9353D191891BE00503059 /* MZFormSheetSegue.m */ = {isa = PBXFileReference; fileEncoding = 4; lastKnownFileType = sourcecode.c.objc; path = MZFormSheetSegue.m; sourceTree = "<group>"; };
		57C9353E191891BE00503059 /* MZTransition.h */ = {isa = PBXFileReference; fileEncoding = 4; lastKnownFileType = sourcecode.c.h; path = MZTransition.h; sourceTree = "<group>"; };
		57C9353F191891BE00503059 /* MZTransition.m */ = {isa = PBXFileReference; fileEncoding = 4; lastKnownFileType = sourcecode.c.objc; path = MZTransition.m; sourceTree = "<group>"; };
		57C93540191891BE00503059 /* UIImage+Additional.h */ = {isa = PBXFileReference; fileEncoding = 4; lastKnownFileType = sourcecode.c.h; path = "UIImage+Additional.h"; sourceTree = "<group>"; };
		57C93541191891BE00503059 /* UIImage+Additional.m */ = {isa = PBXFileReference; fileEncoding = 4; lastKnownFileType = sourcecode.c.objc; path = "UIImage+Additional.m"; sourceTree = "<group>"; };
		57C93542191891BE00503059 /* UIViewController+TargetViewController.h */ = {isa = PBXFileReference; fileEncoding = 4; lastKnownFileType = sourcecode.c.h; path = "UIViewController+TargetViewController.h"; sourceTree = "<group>"; };
		57C93543191891BE00503059 /* UIViewController+TargetViewController.m */ = {isa = PBXFileReference; fileEncoding = 4; lastKnownFileType = sourcecode.c.objc; path = "UIViewController+TargetViewController.m"; sourceTree = "<group>"; };
		57C9354D19189D8B00503059 /* like.png */ = {isa = PBXFileReference; lastKnownFileType = image.png; path = like.png; sourceTree = "<group>"; };
		57C9354F19189E2700503059 /* comentar.png */ = {isa = PBXFileReference; lastKnownFileType = image.png; path = comentar.png; sourceTree = "<group>"; };
		57CD4A491890139900ECDFDF /* background-568h@2x.png */ = {isa = PBXFileReference; lastKnownFileType = image.png; path = "background-568h@2x.png"; sourceTree = "<group>"; };
		57CD4A4A1890139900ECDFDF /* background.png */ = {isa = PBXFileReference; lastKnownFileType = image.png; path = background.png; sourceTree = "<group>"; };
		57CD4A4D1890161800ECDFDF /* logo.png */ = {isa = PBXFileReference; lastKnownFileType = image.png; path = logo.png; sourceTree = "<group>"; };
		57CD4A4F1890166600ECDFDF /* bg_input.png */ = {isa = PBXFileReference; lastKnownFileType = image.png; path = bg_input.png; sourceTree = "<group>"; };
		57F8000E1890C244001BCFAB /* Globais.h */ = {isa = PBXFileReference; fileEncoding = 4; lastKnownFileType = sourcecode.c.h; path = Globais.h; sourceTree = "<group>"; };
		57F8000F1890C244001BCFAB /* Globais.m */ = {isa = PBXFileReference; fileEncoding = 4; lastKnownFileType = sourcecode.c.objc; path = Globais.m; sourceTree = "<group>"; };
		57F800131890C4F4001BCFAB /* MBProgressHUD.h */ = {isa = PBXFileReference; fileEncoding = 4; lastKnownFileType = sourcecode.c.h; path = MBProgressHUD.h; sourceTree = "<group>"; };
		57F800141890C4F4001BCFAB /* MBProgressHUD.m */ = {isa = PBXFileReference; fileEncoding = 4; lastKnownFileType = sourcecode.c.objc; path = MBProgressHUD.m; sourceTree = "<group>"; };
		57F800181890CD40001BCFAB /* SCHomeViewController.h */ = {isa = PBXFileReference; fileEncoding = 4; lastKnownFileType = sourcecode.c.h; path = SCHomeViewController.h; sourceTree = "<group>"; };
		57F800191890CD40001BCFAB /* SCHomeViewController.m */ = {isa = PBXFileReference; fileEncoding = 4; lastKnownFileType = sourcecode.c.objc; path = SCHomeViewController.m; sourceTree = "<group>"; };
		57F8001B1890CED3001BCFAB /* line.png */ = {isa = PBXFileReference; lastKnownFileType = image.png; path = line.png; sourceTree = "<group>"; };
		57F8001C1890CED3001BCFAB /* btnReportar.png */ = {isa = PBXFileReference; lastKnownFileType = image.png; path = btnReportar.png; sourceTree = "<group>"; };
		57F8001D1890CED3001BCFAB /* btnVisualizarMapa.png */ = {isa = PBXFileReference; lastKnownFileType = image.png; path = btnVisualizarMapa.png; sourceTree = "<group>"; };
		57F8001E1890CED3001BCFAB /* btnMapa.png */ = {isa = PBXFileReference; lastKnownFileType = image.png; path = btnMapa.png; sourceTree = "<group>"; };
		57F800231890D5F9001BCFAB /* SCReportarViewController.h */ = {isa = PBXFileReference; fileEncoding = 4; lastKnownFileType = sourcecode.c.h; path = SCReportarViewController.h; sourceTree = "<group>"; };
		57F800241890D5F9001BCFAB /* SCReportarViewController.m */ = {isa = PBXFileReference; fileEncoding = 4; lastKnownFileType = sourcecode.c.objc; path = SCReportarViewController.m; sourceTree = "<group>"; };
		57F800261890DA9C001BCFAB /* btnBottomEndereco.png */ = {isa = PBXFileReference; lastKnownFileType = image.png; path = btnBottomEndereco.png; sourceTree = "<group>"; };
		57F800271890DA9C001BCFAB /* btnBottomVisuMapa.png */ = {isa = PBXFileReference; lastKnownFileType = image.png; path = btnBottomVisuMapa.png; sourceTree = "<group>"; };
		57F800281890DA9C001BCFAB /* btnBottomMenu.png */ = {isa = PBXFileReference; lastKnownFileType = image.png; path = btnBottomMenu.png; sourceTree = "<group>"; };
		57F8002C1890DCC1001BCFAB /* logoReportar.png */ = {isa = PBXFileReference; lastKnownFileType = image.png; path = logoReportar.png; sourceTree = "<group>"; };
		57F8002E1890DEDF001BCFAB /* CoreLocation.framework */ = {isa = PBXFileReference; lastKnownFileType = wrapper.framework; name = CoreLocation.framework; path = System/Library/Frameworks/CoreLocation.framework; sourceTree = SDKROOT; };
		57F800301890DEE7001BCFAB /* MapKit.framework */ = {isa = PBXFileReference; lastKnownFileType = wrapper.framework; name = MapKit.framework; path = System/Library/Frameworks/MapKit.framework; sourceTree = SDKROOT; };
		57FACD8E189039910035EC72 /* SCCadastroViewController.h */ = {isa = PBXFileReference; fileEncoding = 4; lastKnownFileType = sourcecode.c.h; path = SCCadastroViewController.h; sourceTree = "<group>"; };
		57FACD8F189039910035EC72 /* SCCadastroViewController.m */ = {isa = PBXFileReference; fileEncoding = 4; lastKnownFileType = sourcecode.c.objc; path = SCCadastroViewController.m; sourceTree = "<group>"; };
		5D97B33318A9BAD8006AE9A0 /* AFHTTPRequestOperation.h */ = {isa = PBXFileReference; fileEncoding = 4; lastKnownFileType = sourcecode.c.h; path = AFHTTPRequestOperation.h; sourceTree = "<group>"; };
		5D97B33418A9BAD8006AE9A0 /* AFHTTPRequestOperation.m */ = {isa = PBXFileReference; fileEncoding = 4; lastKnownFileType = sourcecode.c.objc; path = AFHTTPRequestOperation.m; sourceTree = "<group>"; };
		5D97B33518A9BAD8006AE9A0 /* AFHTTPRequestOperationManager.h */ = {isa = PBXFileReference; fileEncoding = 4; lastKnownFileType = sourcecode.c.h; path = AFHTTPRequestOperationManager.h; sourceTree = "<group>"; };
		5D97B33618A9BAD8006AE9A0 /* AFHTTPRequestOperationManager.m */ = {isa = PBXFileReference; fileEncoding = 4; lastKnownFileType = sourcecode.c.objc; path = AFHTTPRequestOperationManager.m; sourceTree = "<group>"; };
		5D97B33718A9BAD8006AE9A0 /* AFHTTPSessionManager.h */ = {isa = PBXFileReference; fileEncoding = 4; lastKnownFileType = sourcecode.c.h; path = AFHTTPSessionManager.h; sourceTree = "<group>"; };
		5D97B33818A9BAD8006AE9A0 /* AFHTTPSessionManager.m */ = {isa = PBXFileReference; fileEncoding = 4; lastKnownFileType = sourcecode.c.objc; path = AFHTTPSessionManager.m; sourceTree = "<group>"; };
		5D97B33918A9BAD8006AE9A0 /* AFNetworking.h */ = {isa = PBXFileReference; fileEncoding = 4; lastKnownFileType = sourcecode.c.h; path = AFNetworking.h; sourceTree = "<group>"; };
		5D97B33A18A9BAD8006AE9A0 /* AFNetworkReachabilityManager.h */ = {isa = PBXFileReference; fileEncoding = 4; lastKnownFileType = sourcecode.c.h; path = AFNetworkReachabilityManager.h; sourceTree = "<group>"; };
		5D97B33B18A9BAD8006AE9A0 /* AFNetworkReachabilityManager.m */ = {isa = PBXFileReference; fileEncoding = 4; lastKnownFileType = sourcecode.c.objc; path = AFNetworkReachabilityManager.m; sourceTree = "<group>"; };
		5D97B33C18A9BAD8006AE9A0 /* AFSecurityPolicy.h */ = {isa = PBXFileReference; fileEncoding = 4; lastKnownFileType = sourcecode.c.h; path = AFSecurityPolicy.h; sourceTree = "<group>"; };
		5D97B33D18A9BAD8006AE9A0 /* AFSecurityPolicy.m */ = {isa = PBXFileReference; fileEncoding = 4; lastKnownFileType = sourcecode.c.objc; path = AFSecurityPolicy.m; sourceTree = "<group>"; };
		5D97B33E18A9BAD8006AE9A0 /* AFURLConnectionOperation.h */ = {isa = PBXFileReference; fileEncoding = 4; lastKnownFileType = sourcecode.c.h; path = AFURLConnectionOperation.h; sourceTree = "<group>"; };
		5D97B33F18A9BAD8006AE9A0 /* AFURLConnectionOperation.m */ = {isa = PBXFileReference; fileEncoding = 4; lastKnownFileType = sourcecode.c.objc; path = AFURLConnectionOperation.m; sourceTree = "<group>"; };
		5D97B34018A9BAD8006AE9A0 /* AFURLRequestSerialization.h */ = {isa = PBXFileReference; fileEncoding = 4; lastKnownFileType = sourcecode.c.h; path = AFURLRequestSerialization.h; sourceTree = "<group>"; };
		5D97B34118A9BAD8006AE9A0 /* AFURLRequestSerialization.m */ = {isa = PBXFileReference; fileEncoding = 4; lastKnownFileType = sourcecode.c.objc; path = AFURLRequestSerialization.m; sourceTree = "<group>"; };
		5D97B34218A9BAD8006AE9A0 /* AFURLResponseSerialization.h */ = {isa = PBXFileReference; fileEncoding = 4; lastKnownFileType = sourcecode.c.h; path = AFURLResponseSerialization.h; sourceTree = "<group>"; };
		5D97B34318A9BAD8006AE9A0 /* AFURLResponseSerialization.m */ = {isa = PBXFileReference; fileEncoding = 4; lastKnownFileType = sourcecode.c.objc; path = AFURLResponseSerialization.m; sourceTree = "<group>"; };
		5D97B34418A9BAD8006AE9A0 /* AFURLSessionManager.h */ = {isa = PBXFileReference; fileEncoding = 4; lastKnownFileType = sourcecode.c.h; path = AFURLSessionManager.h; sourceTree = "<group>"; };
		5D97B34518A9BAD8006AE9A0 /* AFURLSessionManager.m */ = {isa = PBXFileReference; fileEncoding = 4; lastKnownFileType = sourcecode.c.objc; path = AFURLSessionManager.m; sourceTree = "<group>"; };
		5D97B35018A9D111006AE9A0 /* SCUsuario.h */ = {isa = PBXFileReference; fileEncoding = 4; lastKnownFileType = sourcecode.c.h; path = SCUsuario.h; sourceTree = "<group>"; };
		5D97B35118A9D111006AE9A0 /* SCUsuario.m */ = {isa = PBXFileReference; fileEncoding = 4; lastKnownFileType = sourcecode.c.objc; path = SCUsuario.m; sourceTree = "<group>"; };
		5D97B35318AA9EBA006AE9A0 /* SCCrime.h */ = {isa = PBXFileReference; fileEncoding = 4; lastKnownFileType = sourcecode.c.h; path = SCCrime.h; sourceTree = "<group>"; };
		5D97B35418AA9EBA006AE9A0 /* SCCrime.m */ = {isa = PBXFileReference; fileEncoding = 4; lastKnownFileType = sourcecode.c.objc; path = SCCrime.m; sourceTree = "<group>"; };
		5D97B35618AAAD77006AE9A0 /* configuracoes.png */ = {isa = PBXFileReference; lastKnownFileType = image.png; path = configuracoes.png; sourceTree = "<group>"; };
		5D97B35718AAAD77006AE9A0 /* lista_novo.png */ = {isa = PBXFileReference; lastKnownFileType = image.png; path = lista_novo.png; sourceTree = "<group>"; };
		5D97B35818AAAD77006AE9A0 /* procurar_novo.png */ = {isa = PBXFileReference; lastKnownFileType = image.png; path = procurar_novo.png; sourceTree = "<group>"; };
		5D97B35918AAAD77006AE9A0 /* reportar_novo.png */ = {isa = PBXFileReference; lastKnownFileType = image.png; path = reportar_novo.png; sourceTree = "<group>"; };
/* End PBXFileReference section */

/* Begin PBXFrameworksBuildPhase section */
		575B611618900DC2002244E3 /* Frameworks */ = {
			isa = PBXFrameworksBuildPhase;
			buildActionMask = 2147483647;
			files = (
				570D41C418B86C9D003A4D7A /* SystemConfiguration.framework in Frameworks */,
				57A3D336191083E100316363 /* FacebookSDK.framework in Frameworks */,
				570D41C218B86C96003A4D7A /* QuartzCore.framework in Frameworks */,
				570D41C018B86C90003A4D7A /* OpenGLES.framework in Frameworks */,
				573ECC9318916A6900B4A5C4 /* libz.dylib in Frameworks */,
				57A3D3371910847900316363 /* libTestFlight.a in Frameworks */,
				570D41BE18B86C82003A4D7A /* libicucore.dylib in Frameworks */,
				570D41BC18B86C7A003A4D7A /* libc++.dylib in Frameworks */,
				570D41BA18B86C70003A4D7A /* ImageIO.framework in Frameworks */,
				570D41B818B86C66003A4D7A /* GLKit.framework in Frameworks */,
				570D41B618B86C60003A4D7A /* CoreText.framework in Frameworks */,
				570D41B418B86C56003A4D7A /* CoreData.framework in Frameworks */,
				570D41B218B86C4F003A4D7A /* AVFoundation.framework in Frameworks */,
				57F800311890DEE7001BCFAB /* MapKit.framework in Frameworks */,
				57F8002F1890DEDF001BCFAB /* CoreLocation.framework in Frameworks */,
				575B611F18900DC2002244E3 /* CoreGraphics.framework in Frameworks */,
				570D41AC18B86BE4003A4D7A /* GoogleMaps.framework in Frameworks */,
				575B612118900DC2002244E3 /* UIKit.framework in Frameworks */,
				575B611D18900DC2002244E3 /* Foundation.framework in Frameworks */,
			);
			runOnlyForDeploymentPostprocessing = 0;
		};
		575B613718900DC2002244E3 /* Frameworks */ = {
			isa = PBXFrameworksBuildPhase;
			buildActionMask = 2147483647;
			files = (
				575B613C18900DC2002244E3 /* XCTest.framework in Frameworks */,
				575B613E18900DC2002244E3 /* UIKit.framework in Frameworks */,
				575B613D18900DC2002244E3 /* Foundation.framework in Frameworks */,
			);
			runOnlyForDeploymentPostprocessing = 0;
		};
/* End PBXFrameworksBuildPhase section */

/* Begin PBXGroup section */
		5702CC7B1890F7F900F6B951 /* UICustom */ = {
			isa = PBXGroup;
			children = (
				5702CC7C1890F81100F6B951 /* SCCrimesCell.h */,
				5702CC7D1890F81100F6B951 /* SCCrimesCell.m */,
				57F8000E1890C244001BCFAB /* Globais.h */,
				57F8000F1890C244001BCFAB /* Globais.m */,
				579F34A8192F0348009F42FF /* SCDelegaciaTableViewCell.h */,
				579F34A9192F0348009F42FF /* SCDelegaciaTableViewCell.m */,
			);
			name = UICustom;
			sourceTree = "<group>";
		};
		570D419318B85761003A4D7A /* TestFlightSDK2.1.4 */ = {
			isa = PBXGroup;
			children = (
				570D419418B85761003A4D7A /* libTestFlight.a */,
				570D419518B85761003A4D7A /* README.md */,
				570D419618B85761003A4D7A /* release_notes.md */,
				570D419718B85761003A4D7A /* TestFlight+AsyncLogging.h */,
				570D419818B85761003A4D7A /* TestFlight+ManualSessions.h */,
				570D419918B85761003A4D7A /* TestFlight.h */,
			);
			path = TestFlightSDK2.1.4;
			sourceTree = "<group>";
		};
		57205A5C189AFB4900AD142D /* icon */ = {
			isa = PBXGroup;
			children = (
				57205A5D189AFB7200AD142D /* arrastao.png */,
				57205A5E189AFB7200AD142D /* sequestro.png */,
				57205A5F189AFB7200AD142D /* arrombamento.png */,
				57205A60189AFB7200AD142D /* comercio.png */,
				57205A61189AFB7200AD142D /* atentado.png */,
				57205A62189AFB7200AD142D /* acidente.png */,
				57205A63189AFB7200AD142D /* suspeita.png */,
				57205A64189AFB7200AD142D /* disparodealarme.png */,
				57205A65189AFB7200AD142D /* assaltoemcurso.png */,
				57205A66189AFB7200AD142D /* assato.png */,
				57205A67189AFB7200AD142D /* furto.png */,
			);
			name = icon;
			sourceTree = "<group>";
		};
		575B611018900DC1002244E3 = {
			isa = PBXGroup;
			children = (
				575B612218900DC2002244E3 /* SeeCity */,
				575B614118900DC2002244E3 /* SeeCityTests */,
				575B611B18900DC2002244E3 /* Frameworks */,
				575B611A18900DC2002244E3 /* Products */,
			);
			sourceTree = "<group>";
		};
		575B611A18900DC2002244E3 /* Products */ = {
			isa = PBXGroup;
			children = (
				575B611918900DC2002244E3 /* SeeCity.app */,
				575B613A18900DC2002244E3 /* SeeCityTests.xctest */,
			);
			name = Products;
			sourceTree = "<group>";
		};
		575B611B18900DC2002244E3 /* Frameworks */ = {
			isa = PBXGroup;
			children = (
				57A3D335191083E100316363 /* FacebookSDK.framework */,
				570D41C318B86C9D003A4D7A /* SystemConfiguration.framework */,
				570D41C118B86C96003A4D7A /* QuartzCore.framework */,
				570D41BF18B86C90003A4D7A /* OpenGLES.framework */,
				570D41BD18B86C82003A4D7A /* libicucore.dylib */,
				570D41BB18B86C7A003A4D7A /* libc++.dylib */,
				570D41B918B86C70003A4D7A /* ImageIO.framework */,
				570D41B718B86C66003A4D7A /* GLKit.framework */,
				570D41B518B86C60003A4D7A /* CoreText.framework */,
				570D41B318B86C56003A4D7A /* CoreData.framework */,
				570D41B118B86C4F003A4D7A /* AVFoundation.framework */,
				570D41AF18B86C38003A4D7A /* GoogleMaps.bundle */,
				570D41AB18B86BE4003A4D7A /* GoogleMaps.framework */,
				570D419118B8571F003A4D7A /* FacebookSDK.framework */,
				573ECC9218916A6900B4A5C4 /* libz.dylib */,
				57F800301890DEE7001BCFAB /* MapKit.framework */,
				57F8002E1890DEDF001BCFAB /* CoreLocation.framework */,
				575B611C18900DC2002244E3 /* Foundation.framework */,
				575B611E18900DC2002244E3 /* CoreGraphics.framework */,
				575B612018900DC2002244E3 /* UIKit.framework */,
				575B613B18900DC2002244E3 /* XCTest.framework */,
			);
			name = Frameworks;
			sourceTree = "<group>";
		};
		575B612218900DC2002244E3 /* SeeCity */ = {
			isa = PBXGroup;
			children = (
				57F800111890C4D8001BCFAB /* FrameWorksUtil */,
				57CD4A481890138B00ECDFDF /* image_for_app */,
				575B615118900ECD002244E3 /* logo_splash */,
				575B612B18900DC2002244E3 /* SCAppDelegate.h */,
				575B612C18900DC2002244E3 /* SCAppDelegate.m */,
				5D97B34F18A9D0E8006AE9A0 /* Model */,
				57F800161890CD1E001BCFAB /* Views */,
				57F800171890CD2B001BCFAB /* Controller */,
				5702CC7B1890F7F900F6B951 /* UICustom */,
				575B613418900DC2002244E3 /* Images.xcassets */,
				575B612318900DC2002244E3 /* Supporting Files */,
			);
			path = SeeCity;
			sourceTree = "<group>";
		};
		575B612318900DC2002244E3 /* Supporting Files */ = {
			isa = PBXGroup;
			children = (
				575B612418900DC2002244E3 /* SeeCity-Info.plist */,
				575B612518900DC2002244E3 /* InfoPlist.strings */,
				575B612818900DC2002244E3 /* main.m */,
				575B612A18900DC2002244E3 /* SeeCity-Prefix.pch */,
			);
			name = "Supporting Files";
			sourceTree = "<group>";
		};
		575B614118900DC2002244E3 /* SeeCityTests */ = {
			isa = PBXGroup;
			children = (
				575B614718900DC2002244E3 /* SeeCityTests.m */,
				575B614218900DC2002244E3 /* Supporting Files */,
			);
			path = SeeCityTests;
			sourceTree = "<group>";
		};
		575B614218900DC2002244E3 /* Supporting Files */ = {
			isa = PBXGroup;
			children = (
				575B614318900DC2002244E3 /* SeeCityTests-Info.plist */,
				575B614418900DC2002244E3 /* InfoPlist.strings */,
			);
			name = "Supporting Files";
			sourceTree = "<group>";
		};
		575B615118900ECD002244E3 /* logo_splash */ = {
			isa = PBXGroup;
			children = (
				575B615818900F8B002244E3 /* splash_568.png */,
				575B615918900F8B002244E3 /* splash.png */,
				575B615218900F08002244E3 /* logo58.png */,
				575B615318900F08002244E3 /* logo80.png */,
				575B615418900F08002244E3 /* logo120.png */,
			);
			name = logo_splash;
			sourceTree = "<group>";
		};
		579F3494192EE551009F42FF /* AKLookups */ = {
			isa = PBXGroup;
			children = (
				579F3495192EE551009F42FF /* AKLookups.h */,
				579F3496192EE551009F42FF /* AKLookups.m */,
				579F3497192EE551009F42FF /* AKLookupsListViewController.h */,
				579F3498192EE551009F42FF /* AKLookupsListViewController.m */,
				579F3499192EE551009F42FF /* NSString+StringSizeWithFont.h */,
				579F349A192EE551009F42FF /* NSString+StringSizeWithFont.m */,
				579F349B192EE551009F42FF /* selector_btn_arrow.png */,
				579F349C192EE551009F42FF /* selector_btn_arrow@2x.png */,
			);
			path = AKLookups;
			sourceTree = "<group>";
		};
		57C9352F191891B000503059 /* popover */ = {
			isa = PBXGroup;
			children = (
				57C93530191891BE00503059 /* Additional */,
				57C93535191891BE00503059 /* MZFormSheetController */,
			);
			name = popover;
			sourceTree = "<group>";
		};
		57C93530191891BE00503059 /* Additional */ = {
			isa = PBXGroup;
			children = (
				57C93531191891BE00503059 /* MZAppearance.h */,
				57C93532191891BE00503059 /* MZAppearance.m */,
				57C93533191891BE00503059 /* NSInvocation+Copy.h */,
				57C93534191891BE00503059 /* NSInvocation+Copy.m */,
			);
			path = Additional;
			sourceTree = "<group>";
		};
		57C93535191891BE00503059 /* MZFormSheetController */ = {
			isa = PBXGroup;
			children = (
				57C93536191891BE00503059 /* MZFormSheetBackgroundWindow.h */,
				57C93537191891BE00503059 /* MZFormSheetBackgroundWindow.m */,
				57C93538191891BE00503059 /* MZFormSheetBackgroundWindowViewController.h */,
				57C93539191891BE00503059 /* MZFormSheetBackgroundWindowViewController.m */,
				57C9353A191891BE00503059 /* MZFormSheetController.h */,
				57C9353B191891BE00503059 /* MZFormSheetController.m */,
				57C9353C191891BE00503059 /* MZFormSheetSegue.h */,
				57C9353D191891BE00503059 /* MZFormSheetSegue.m */,
				57C9353E191891BE00503059 /* MZTransition.h */,
				57C9353F191891BE00503059 /* MZTransition.m */,
				57C93540191891BE00503059 /* UIImage+Additional.h */,
				57C93541191891BE00503059 /* UIImage+Additional.m */,
				57C93542191891BE00503059 /* UIViewController+TargetViewController.h */,
				57C93543191891BE00503059 /* UIViewController+TargetViewController.m */,
			);
			path = MZFormSheetController;
			sourceTree = "<group>";
		};
		57CD4A481890138B00ECDFDF /* image_for_app */ = {
			isa = PBXGroup;
			children = (
				579F3492192EDD2B009F42FF /* botoeslixo.png */,
				579F3490192EDCED009F42FF /* fundolixo.png */,
				579F348A192ED0AC009F42FF /* delegacias.png */,
				579F348B192ED0AC009F42FF /* menu2.png */,
				579F348C192ED0AC009F42FF /* registrar.png */,
				57BD4137192BBFF3006BEFEE /* Pagina-para-login.png */,
				57C9354D19189D8B00503059 /* like.png */,
				57C9354F19189E2700503059 /* comentar.png */,
				57C9352A19188E8A00503059 /* cancel-256.png */,
				57C9352619187CE900503059 /* btnPassword.png */,
				57C935281918891300503059 /* menu.png */,
				57C9351C19186FDF00503059 /* enter_512.png */,
				57C935221918734500503059 /* btnFacebook.png */,
				57C9351D19186FDF00503059 /* icon_facebook.png */,
				57C93524191875BD00503059 /* cadastre-se.png */,
				57C93520191872B400503059 /* btnEntrar.png */,
				570D41D118B8A6FA003A4D7A /* target.png */,
				570D41C518B879A4003A4D7A /* close.png */,
				570D41A918B864EB003A4D7A /* bgbtnordenar.png */,
				570D41A518B860BC003A4D7A /* bgbuttonlogado.png */,
				570D41A618B860BC003A4D7A /* btnbuscarendereco.png */,
				570D419D18B85DDA003A4D7A /* crimes.png */,
				570D419E18B85DDA003A4D7A /* configuracao.png */,
				570D419F18B85DDA003A4D7A /* reportar.png */,
				570D41A018B85DDA003A4D7A /* procurar.png */,
				570D418C18B85344003A4D7A /* bgbuttom.png */,
				5D97B35618AAAD77006AE9A0 /* configuracoes.png */,
				5D97B35718AAAD77006AE9A0 /* lista_novo.png */,
				5D97B35818AAAD77006AE9A0 /* procurar_novo.png */,
				5D97B35918AAAD77006AE9A0 /* reportar_novo.png */,
				57205A5C189AFB4900AD142D /* icon */,
				5702CC7F1890FCF700F6B951 /* btnNada.png */,
				5702CC791890F67400F6B951 /* Tipo.png */,
				5702CC771890F67000F6B951 /* btnBottomReportar.png */,
				5702CC751890F61000F6B951 /* imagemTemp.png */,
				57F8002C1890DCC1001BCFAB /* logoReportar.png */,
				57F800261890DA9C001BCFAB /* btnBottomEndereco.png */,
				57F800271890DA9C001BCFAB /* btnBottomVisuMapa.png */,
				57F800281890DA9C001BCFAB /* btnBottomMenu.png */,
				57F8001B1890CED3001BCFAB /* line.png */,
				57F8001C1890CED3001BCFAB /* btnReportar.png */,
				57F8001D1890CED3001BCFAB /* btnVisualizarMapa.png */,
				57F8001E1890CED3001BCFAB /* btnMapa.png */,
				57CD4A4F1890166600ECDFDF /* bg_input.png */,
				57CD4A4D1890161800ECDFDF /* logo.png */,
				57CD4A491890139900ECDFDF /* background-568h@2x.png */,
				57CD4A4A1890139900ECDFDF /* background.png */,
			);
			name = image_for_app;
			sourceTree = "<group>";
		};
		57F800111890C4D8001BCFAB /* FrameWorksUtil */ = {
			isa = PBXGroup;
			children = (
				579F34A2192EEAE5009F42FF /* TipoListagem.h */,
				579F34A3192EEAE5009F42FF /* TipoListagem.m */,
				579F3494192EE551009F42FF /* AKLookups */,
				57C9352F191891B000503059 /* popover */,
				570D419318B85761003A4D7A /* TestFlightSDK2.1.4 */,
				5D97B33218A9BAD8006AE9A0 /* AFNetworking */,
				57F800121890C4E4001BCFAB /* MBProgressHud */,
			);
			name = FrameWorksUtil;
			sourceTree = "<group>";
		};
		57F800121890C4E4001BCFAB /* MBProgressHud */ = {
			isa = PBXGroup;
			children = (
				57F800131890C4F4001BCFAB /* MBProgressHUD.h */,
				57F800141890C4F4001BCFAB /* MBProgressHUD.m */,
			);
			name = MBProgressHud;
			sourceTree = "<group>";
		};
		57F800161890CD1E001BCFAB /* Views */ = {
			isa = PBXGroup;
			children = (
				575B612E18900DC2002244E3 /* Main.storyboard */,
			);
			name = Views;
			sourceTree = "<group>";
		};
		57F800171890CD2B001BCFAB /* Controller */ = {
			isa = PBXGroup;
			children = (
				57FACD8E189039910035EC72 /* SCCadastroViewController.h */,
				57FACD8F189039910035EC72 /* SCCadastroViewController.m */,
				575B613118900DC2002244E3 /* SCViewController.h */,
				575B613218900DC2002244E3 /* SCViewController.m */,
				57F800181890CD40001BCFAB /* SCHomeViewController.h */,
				57F800191890CD40001BCFAB /* SCHomeViewController.m */,
				57F800231890D5F9001BCFAB /* SCReportarViewController.h */,
				57F800241890D5F9001BCFAB /* SCReportarViewController.m */,
				5702CC721890F00800F6B951 /* SCCrimesViewController.h */,
				5702CC731890F00800F6B951 /* SCCrimesViewController.m */,
				570D418E18B85425003A4D7A /* SCLoginViewController.h */,
				570D418F18B85425003A4D7A /* SCLoginViewController.m */,
				570D41C718B87C7A003A4D7A /* SCFindEnderecoViewController.h */,
				570D41C818B87C7A003A4D7A /* SCFindEnderecoViewController.m */,
				574F689918BB06610073031B /* SCAgradecimentoViewController.h */,
				574F689A18BB06610073031B /* SCAgradecimentoViewController.m */,
				574F689C18BB116C0073031B /* SCConfiguracoesViewController.h */,
				574F689D18BB116C0073031B /* SCConfiguracoesViewController.m */,
				574F689F18BB25AB0073031B /* SCEnderecoViewController.h */,
				574F68A018BB25AB0073031B /* SCEnderecoViewController.m */,
				57C9352C1918906900503059 /* SCDetalheViewController.h */,
				57C9352D1918906900503059 /* SCDetalheViewController.m */,
				579F34A5192F0134009F42FF /* SCDelegaciaViewController.h */,
				579F34A6192F0134009F42FF /* SCDelegaciaViewController.m */,
			);
			name = Controller;
			sourceTree = "<group>";
		};
		5D97B33218A9BAD8006AE9A0 /* AFNetworking */ = {
			isa = PBXGroup;
			children = (
				5D97B33318A9BAD8006AE9A0 /* AFHTTPRequestOperation.h */,
				5D97B33418A9BAD8006AE9A0 /* AFHTTPRequestOperation.m */,
				5D97B33518A9BAD8006AE9A0 /* AFHTTPRequestOperationManager.h */,
				5D97B33618A9BAD8006AE9A0 /* AFHTTPRequestOperationManager.m */,
				5D97B33718A9BAD8006AE9A0 /* AFHTTPSessionManager.h */,
				5D97B33818A9BAD8006AE9A0 /* AFHTTPSessionManager.m */,
				5D97B33918A9BAD8006AE9A0 /* AFNetworking.h */,
				5D97B33A18A9BAD8006AE9A0 /* AFNetworkReachabilityManager.h */,
				5D97B33B18A9BAD8006AE9A0 /* AFNetworkReachabilityManager.m */,
				5D97B33C18A9BAD8006AE9A0 /* AFSecurityPolicy.h */,
				5D97B33D18A9BAD8006AE9A0 /* AFSecurityPolicy.m */,
				5D97B33E18A9BAD8006AE9A0 /* AFURLConnectionOperation.h */,
				5D97B33F18A9BAD8006AE9A0 /* AFURLConnectionOperation.m */,
				5D97B34018A9BAD8006AE9A0 /* AFURLRequestSerialization.h */,
				5D97B34118A9BAD8006AE9A0 /* AFURLRequestSerialization.m */,
				5D97B34218A9BAD8006AE9A0 /* AFURLResponseSerialization.h */,
				5D97B34318A9BAD8006AE9A0 /* AFURLResponseSerialization.m */,
				5D97B34418A9BAD8006AE9A0 /* AFURLSessionManager.h */,
				5D97B34518A9BAD8006AE9A0 /* AFURLSessionManager.m */,
			);
			path = AFNetworking;
			sourceTree = "<group>";
		};
		5D97B34F18A9D0E8006AE9A0 /* Model */ = {
			isa = PBXGroup;
			children = (
				5D97B35018A9D111006AE9A0 /* SCUsuario.h */,
				5D97B35118A9D111006AE9A0 /* SCUsuario.m */,
				5D97B35318AA9EBA006AE9A0 /* SCCrime.h */,
				5D97B35418AA9EBA006AE9A0 /* SCCrime.m */,
			);
			name = Model;
			sourceTree = "<group>";
		};
/* End PBXGroup section */

/* Begin PBXNativeTarget section */
		575B611818900DC2002244E3 /* SeeCity */ = {
			isa = PBXNativeTarget;
			buildConfigurationList = 575B614B18900DC2002244E3 /* Build configuration list for PBXNativeTarget "SeeCity" */;
			buildPhases = (
				575B611518900DC2002244E3 /* Sources */,
				575B611618900DC2002244E3 /* Frameworks */,
				575B611718900DC2002244E3 /* Resources */,
			);
			buildRules = (
			);
			dependencies = (
			);
			name = SeeCity;
			productName = SeeCity;
			productReference = 575B611918900DC2002244E3 /* SeeCity.app */;
			productType = "com.apple.product-type.application";
		};
		575B613918900DC2002244E3 /* SeeCityTests */ = {
			isa = PBXNativeTarget;
			buildConfigurationList = 575B614E18900DC2002244E3 /* Build configuration list for PBXNativeTarget "SeeCityTests" */;
			buildPhases = (
				575B613618900DC2002244E3 /* Sources */,
				575B613718900DC2002244E3 /* Frameworks */,
				575B613818900DC2002244E3 /* Resources */,
			);
			buildRules = (
			);
			dependencies = (
				575B614018900DC2002244E3 /* PBXTargetDependency */,
			);
			name = SeeCityTests;
			productName = SeeCityTests;
			productReference = 575B613A18900DC2002244E3 /* SeeCityTests.xctest */;
			productType = "com.apple.product-type.bundle.unit-test";
		};
/* End PBXNativeTarget section */

/* Begin PBXProject section */
		575B611118900DC1002244E3 /* Project object */ = {
			isa = PBXProject;
			attributes = {
				CLASSPREFIX = SC;
				LastUpgradeCheck = 0510;
				ORGANIZATIONNAME = "Anderson Trajano";
				TargetAttributes = {
					575B613918900DC2002244E3 = {
						TestTargetID = 575B611818900DC2002244E3;
					};
				};
			};
			buildConfigurationList = 575B611418900DC1002244E3 /* Build configuration list for PBXProject "SeeCity" */;
			compatibilityVersion = "Xcode 3.2";
			developmentRegion = English;
			hasScannedForEncodings = 0;
			knownRegions = (
				en,
				Base,
			);
			mainGroup = 575B611018900DC1002244E3;
			productRefGroup = 575B611A18900DC2002244E3 /* Products */;
			projectDirPath = "";
			projectRoot = "";
			targets = (
				575B611818900DC2002244E3 /* SeeCity */,
				575B613918900DC2002244E3 /* SeeCityTests */,
			);
		};
/* End PBXProject section */

/* Begin PBXResourcesBuildPhase section */
		575B611718900DC2002244E3 /* Resources */ = {
			isa = PBXResourcesBuildPhase;
			buildActionMask = 2147483647;
			files = (
				575B615B18900F8B002244E3 /* splash.png in Resources */,
				570D41A318B85DDA003A4D7A /* reportar.png in Resources */,
				57C9351F19186FDF00503059 /* icon_facebook.png in Resources */,
				579F348D192ED0AC009F42FF /* delegacias.png in Resources */,
				579F348E192ED0AC009F42FF /* menu2.png in Resources */,
				57F800221890CED3001BCFAB /* btnMapa.png in Resources */,
				57F800201890CED3001BCFAB /* btnReportar.png in Resources */,
				570D41AA18B864EB003A4D7A /* bgbtnordenar.png in Resources */,
				5D97B35C18AAAD78006AE9A0 /* procurar_novo.png in Resources */,
				57205A70189AFB7200AD142D /* assaltoemcurso.png in Resources */,
				57C935231918734500503059 /* btnFacebook.png in Resources */,
				5D97B35A18AAAD78006AE9A0 /* configuracoes.png in Resources */,
				57205A71189AFB7200AD142D /* assato.png in Resources */,
				579F348F192ED0AC009F42FF /* registrar.png in Resources */,
				570D41B018B86C38003A4D7A /* GoogleMaps.bundle in Resources */,
				57205A6E189AFB7200AD142D /* suspeita.png in Resources */,
				57205A69189AFB7200AD142D /* sequestro.png in Resources */,
				57C93521191872B400503059 /* btnEntrar.png in Resources */,
				579F3491192EDCED009F42FF /* fundolixo.png in Resources */,
				57205A6F189AFB7200AD142D /* disparodealarme.png in Resources */,
				57205A6C189AFB7200AD142D /* atentado.png in Resources */,
				57C9352B19188E8A00503059 /* cancel-256.png in Resources */,
				57C9355019189E2700503059 /* comentar.png in Resources */,
				570D41A118B85DDA003A4D7A /* crimes.png in Resources */,
				570D41C618B879A4003A4D7A /* close.png in Resources */,
				57F8002D1890DCC1001BCFAB /* logoReportar.png in Resources */,
				57CD4A4C1890139900ECDFDF /* background.png in Resources */,
				57CD4A4E1890161800ECDFDF /* logo.png in Resources */,
				5702CC801890FCF700F6B951 /* btnNada.png in Resources */,
				575B613518900DC2002244E3 /* Images.xcassets in Resources */,
				57F8001F1890CED3001BCFAB /* line.png in Resources */,
				57C93525191875BD00503059 /* cadastre-se.png in Resources */,
				57205A6B189AFB7200AD142D /* comercio.png in Resources */,
				570D419C18B85761003A4D7A /* release_notes.md in Resources */,
				5D97B35B18AAAD78006AE9A0 /* lista_novo.png in Resources */,
				5D97B35D18AAAD78006AE9A0 /* reportar_novo.png in Resources */,
				57F8002A1890DA9C001BCFAB /* btnBottomVisuMapa.png in Resources */,
				57C9354E19189D8B00503059 /* like.png in Resources */,
				5702CC7A1890F67400F6B951 /* Tipo.png in Resources */,
				575B612718900DC2002244E3 /* InfoPlist.strings in Resources */,
				570D418D18B85344003A4D7A /* bgbuttom.png in Resources */,
				57C935291918891300503059 /* menu.png in Resources */,
				57F8002B1890DA9C001BCFAB /* btnBottomMenu.png in Resources */,
				575B615718900F08002244E3 /* logo120.png in Resources */,
				575B615618900F08002244E3 /* logo80.png in Resources */,
				57F800291890DA9C001BCFAB /* btnBottomEndereco.png in Resources */,
				5702CC781890F67000F6B951 /* btnBottomReportar.png in Resources */,
				57CD4A501890166600ECDFDF /* bg_input.png in Resources */,
				570D41D218B8A6FA003A4D7A /* target.png in Resources */,
				570D41A818B860BC003A4D7A /* btnbuscarendereco.png in Resources */,
				57CD4A4B1890139900ECDFDF /* background-568h@2x.png in Resources */,
				57C9352719187CE900503059 /* btnPassword.png in Resources */,
				570D41A718B860BC003A4D7A /* bgbuttonlogado.png in Resources */,
				575B615A18900F8B002244E3 /* splash_568.png in Resources */,
				5702CC761890F61000F6B951 /* imagemTemp.png in Resources */,
				57205A6A189AFB7200AD142D /* arrombamento.png in Resources */,
				570D41A218B85DDA003A4D7A /* configuracao.png in Resources */,
				575B613018900DC2002244E3 /* Main.storyboard in Resources */,
				579F34A1192EE551009F42FF /* selector_btn_arrow@2x.png in Resources */,
				57205A68189AFB7200AD142D /* arrastao.png in Resources */,
				57205A6D189AFB7200AD142D /* acidente.png in Resources */,
				570D41A418B85DDA003A4D7A /* procurar.png in Resources */,
				57C9351E19186FDF00503059 /* enter_512.png in Resources */,
				57BD4138192BBFF3006BEFEE /* Pagina-para-login.png in Resources */,
				575B615518900F08002244E3 /* logo58.png in Resources */,
				57F800211890CED3001BCFAB /* btnVisualizarMapa.png in Resources */,
				579F34A0192EE551009F42FF /* selector_btn_arrow.png in Resources */,
				579F3493192EDD2B009F42FF /* botoeslixo.png in Resources */,
				570D419B18B85761003A4D7A /* README.md in Resources */,
				57205A72189AFB7200AD142D /* furto.png in Resources */,
			);
			runOnlyForDeploymentPostprocessing = 0;
		};
		575B613818900DC2002244E3 /* Resources */ = {
			isa = PBXResourcesBuildPhase;
			buildActionMask = 2147483647;
			files = (
				575B614618900DC2002244E3 /* InfoPlist.strings in Resources */,
			);
			runOnlyForDeploymentPostprocessing = 0;
		};
/* End PBXResourcesBuildPhase section */

/* Begin PBXSourcesBuildPhase section */
		575B611518900DC2002244E3 /* Sources */ = {
			isa = PBXSourcesBuildPhase;
			buildActionMask = 2147483647;
			files = (
				570D419018B85425003A4D7A /* SCLoginViewController.m in Sources */,
				5D97B34B18A9BAD8006AE9A0 /* AFURLConnectionOperation.m in Sources */,
				574F689B18BB06610073031B /* SCAgradecimentoViewController.m in Sources */,
				579F34AA192F0348009F42FF /* SCDelegaciaTableViewCell.m in Sources */,
				579F34A4192EEAE5009F42FF /* TipoListagem.m in Sources */,
				5702CC7E1890F81100F6B951 /* SCCrimesCell.m in Sources */,
				579F34A7192F0134009F42FF /* SCDelegaciaViewController.m in Sources */,
				57C9354C191891BE00503059 /* UIViewController+TargetViewController.m in Sources */,
				570D41C918B87C7A003A4D7A /* SCFindEnderecoViewController.m in Sources */,
				57C93547191891BE00503059 /* MZFormSheetBackgroundWindowViewController.m in Sources */,
				5D97B34A18A9BAD8006AE9A0 /* AFSecurityPolicy.m in Sources */,
				575B612D18900DC2002244E3 /* SCAppDelegate.m in Sources */,
				57C93549191891BE00503059 /* MZFormSheetSegue.m in Sources */,
				574F68A118BB25AB0073031B /* SCEnderecoViewController.m in Sources */,
				5D97B34718A9BAD8006AE9A0 /* AFHTTPRequestOperationManager.m in Sources */,
				579F349E192EE551009F42FF /* AKLookupsListViewController.m in Sources */,
				579F349F192EE551009F42FF /* NSString+StringSizeWithFont.m in Sources */,
				57C9354A191891BE00503059 /* MZTransition.m in Sources */,
				57C93548191891BE00503059 /* MZFormSheetController.m in Sources */,
				5702CC741890F00800F6B951 /* SCCrimesViewController.m in Sources */,
				57F800251890D5F9001BCFAB /* SCReportarViewController.m in Sources */,
				57F800151890C4F4001BCFAB /* MBProgressHUD.m in Sources */,
				57F8001A1890CD40001BCFAB /* SCHomeViewController.m in Sources */,
				57C9354B191891BE00503059 /* UIImage+Additional.m in Sources */,
				57F800101890C244001BCFAB /* Globais.m in Sources */,
				5D97B34E18A9BAD8006AE9A0 /* AFURLSessionManager.m in Sources */,
				5D97B34D18A9BAD8006AE9A0 /* AFURLResponseSerialization.m in Sources */,
				574F689E18BB116C0073031B /* SCConfiguracoesViewController.m in Sources */,
				5D97B35218A9D111006AE9A0 /* SCUsuario.m in Sources */,
				57C9352E1918906900503059 /* SCDetalheViewController.m in Sources */,
				5D97B35518AA9EBA006AE9A0 /* SCCrime.m in Sources */,
				57C93546191891BE00503059 /* MZFormSheetBackgroundWindow.m in Sources */,
				57C93544191891BE00503059 /* MZAppearance.m in Sources */,
				57C93545191891BE00503059 /* NSInvocation+Copy.m in Sources */,
				575B613318900DC2002244E3 /* SCViewController.m in Sources */,
				575B612918900DC2002244E3 /* main.m in Sources */,
				579F349D192EE551009F42FF /* AKLookups.m in Sources */,
				5D97B34C18A9BAD8006AE9A0 /* AFURLRequestSerialization.m in Sources */,
				5D97B34918A9BAD8006AE9A0 /* AFNetworkReachabilityManager.m in Sources */,
				57FACD90189039910035EC72 /* SCCadastroViewController.m in Sources */,
				5D97B34618A9BAD8006AE9A0 /* AFHTTPRequestOperation.m in Sources */,
				5D97B34818A9BAD8006AE9A0 /* AFHTTPSessionManager.m in Sources */,
			);
			runOnlyForDeploymentPostprocessing = 0;
		};
		575B613618900DC2002244E3 /* Sources */ = {
			isa = PBXSourcesBuildPhase;
			buildActionMask = 2147483647;
			files = (
				575B614818900DC2002244E3 /* SeeCityTests.m in Sources */,
			);
			runOnlyForDeploymentPostprocessing = 0;
		};
/* End PBXSourcesBuildPhase section */

/* Begin PBXTargetDependency section */
		575B614018900DC2002244E3 /* PBXTargetDependency */ = {
			isa = PBXTargetDependency;
			target = 575B611818900DC2002244E3 /* SeeCity */;
			targetProxy = 575B613F18900DC2002244E3 /* PBXContainerItemProxy */;
		};
/* End PBXTargetDependency section */

/* Begin PBXVariantGroup section */
		575B612518900DC2002244E3 /* InfoPlist.strings */ = {
			isa = PBXVariantGroup;
			children = (
				575B612618900DC2002244E3 /* en */,
			);
			name = InfoPlist.strings;
			sourceTree = "<group>";
		};
		575B612E18900DC2002244E3 /* Main.storyboard */ = {
			isa = PBXVariantGroup;
			children = (
				575B612F18900DC2002244E3 /* Base */,
			);
			name = Main.storyboard;
			sourceTree = "<group>";
		};
		575B614418900DC2002244E3 /* InfoPlist.strings */ = {
			isa = PBXVariantGroup;
			children = (
				575B614518900DC2002244E3 /* en */,
			);
			name = InfoPlist.strings;
			sourceTree = "<group>";
		};
/* End PBXVariantGroup section */

/* Begin XCBuildConfiguration section */
		575B614918900DC2002244E3 /* Debug */ = {
			isa = XCBuildConfiguration;
			buildSettings = {
				ALWAYS_SEARCH_USER_PATHS = NO;
				CLANG_CXX_LANGUAGE_STANDARD = "gnu++0x";
				CLANG_CXX_LIBRARY = "libc++";
				CLANG_ENABLE_MODULES = YES;
				CLANG_ENABLE_OBJC_ARC = YES;
				CLANG_WARN_BOOL_CONVERSION = YES;
				CLANG_WARN_CONSTANT_CONVERSION = YES;
				CLANG_WARN_DIRECT_OBJC_ISA_USAGE = YES_ERROR;
				CLANG_WARN_EMPTY_BODY = YES;
				CLANG_WARN_ENUM_CONVERSION = YES;
				CLANG_WARN_INT_CONVERSION = YES;
				CLANG_WARN_OBJC_ROOT_CLASS = YES_ERROR;
				CLANG_WARN__DUPLICATE_METHOD_MATCH = YES;
				CODE_SIGN_IDENTITY = "iPhone Developer";
				"CODE_SIGN_IDENTITY[sdk=iphoneos*]" = "iPhone Developer";
				COPY_PHASE_STRIP = NO;
				GCC_C_LANGUAGE_STANDARD = gnu99;
				GCC_DYNAMIC_NO_PIC = NO;
				GCC_OPTIMIZATION_LEVEL = 0;
				GCC_PREPROCESSOR_DEFINITIONS = (
					"DEBUG=1",
					"$(inherited)",
				);
				GCC_SYMBOLS_PRIVATE_EXTERN = NO;
				GCC_WARN_64_TO_32_BIT_CONVERSION = YES;
				GCC_WARN_ABOUT_RETURN_TYPE = YES_ERROR;
				GCC_WARN_UNDECLARED_SELECTOR = YES;
				GCC_WARN_UNINITIALIZED_AUTOS = YES;
				GCC_WARN_UNUSED_FUNCTION = YES;
				GCC_WARN_UNUSED_VARIABLE = YES;
				IPHONEOS_DEPLOYMENT_TARGET = 7.0;
				ONLY_ACTIVE_ARCH = YES;
				SDKROOT = iphoneos;
			};
			name = Debug;
		};
		575B614A18900DC2002244E3 /* Release */ = {
			isa = XCBuildConfiguration;
			buildSettings = {
				ALWAYS_SEARCH_USER_PATHS = NO;
				CLANG_CXX_LANGUAGE_STANDARD = "gnu++0x";
				CLANG_CXX_LIBRARY = "libc++";
				CLANG_ENABLE_MODULES = YES;
				CLANG_ENABLE_OBJC_ARC = YES;
				CLANG_WARN_BOOL_CONVERSION = YES;
				CLANG_WARN_CONSTANT_CONVERSION = YES;
				CLANG_WARN_DIRECT_OBJC_ISA_USAGE = YES_ERROR;
				CLANG_WARN_EMPTY_BODY = YES;
				CLANG_WARN_ENUM_CONVERSION = YES;
				CLANG_WARN_INT_CONVERSION = YES;
				CLANG_WARN_OBJC_ROOT_CLASS = YES_ERROR;
				CLANG_WARN__DUPLICATE_METHOD_MATCH = YES;
				CODE_SIGN_IDENTITY = "iPhone Developer";
				"CODE_SIGN_IDENTITY[sdk=iphoneos*]" = "iPhone Developer";
				COPY_PHASE_STRIP = YES;
				ENABLE_NS_ASSERTIONS = NO;
				GCC_C_LANGUAGE_STANDARD = gnu99;
				GCC_WARN_64_TO_32_BIT_CONVERSION = YES;
				GCC_WARN_ABOUT_RETURN_TYPE = YES_ERROR;
				GCC_WARN_UNDECLARED_SELECTOR = YES;
				GCC_WARN_UNINITIALIZED_AUTOS = YES;
				GCC_WARN_UNUSED_FUNCTION = YES;
				GCC_WARN_UNUSED_VARIABLE = YES;
				IPHONEOS_DEPLOYMENT_TARGET = 7.0;
				SDKROOT = iphoneos;
				VALIDATE_PRODUCT = YES;
			};
			name = Release;
		};
		575B614C18900DC2002244E3 /* Debug */ = {
			isa = XCBuildConfiguration;
			buildSettings = {
				ASSETCATALOG_COMPILER_APPICON_NAME = "AppIcon-2";
				ASSETCATALOG_COMPILER_LAUNCHIMAGE_NAME = "LaunchImage-3";
				CODE_SIGN_IDENTITY = "iPhone Distribution: Michelle Schlatter (W4UGWX37WL)";
				FRAMEWORK_SEARCH_PATHS = (
					"$(inherited)",
					/Users/regina/Documents/sistemas/SeeCity,
					/Users/atsneves/Documents/Sistemas/SeeCity,
					"$(PROJECT_DIR)",
				);
				GCC_PRECOMPILE_PREFIX_HEADER = YES;
				GCC_PREFIX_HEADER = "SeeCity/SeeCity-Prefix.pch";
				INFOPLIST_FILE = "SeeCity/SeeCity-Info.plist";
				LIBRARY_SEARCH_PATHS = (
					"$(inherited)",
					/Users/regina/Documents/sistemas/SeeCity/SeeCity/TestFlightSDK2.1.4,
					/Users/atsneves/Documents/Sistemas/SeeCity/SeeCity/TestFlightSDK2.1.4,
					"$(PROJECT_DIR)/SeeCity/TestFlightSDK2.1.4",
				);
				OTHER_LDFLAGS = "-ObjC";
				PRODUCT_NAME = "$(TARGET_NAME)";
				PROVISIONING_PROFILE = "86734E1D-1452-412B-9220-031C64512818";
				WRAPPER_EXTENSION = app;
			};
			name = Debug;
		};
		575B614D18900DC2002244E3 /* Release */ = {
			isa = XCBuildConfiguration;
			buildSettings = {
				ASSETCATALOG_COMPILER_APPICON_NAME = "AppIcon-2";
				ASSETCATALOG_COMPILER_LAUNCHIMAGE_NAME = "LaunchImage-3";
				CODE_SIGN_IDENTITY = "iPhone Distribution: Michelle Schlatter (W4UGWX37WL)";
				FRAMEWORK_SEARCH_PATHS = (
					"$(inherited)",
					/Users/regina/Documents/sistemas/SeeCity,
					/Users/atsneves/Documents/Sistemas/SeeCity,
					"$(PROJECT_DIR)",
				);
				GCC_PRECOMPILE_PREFIX_HEADER = YES;
				GCC_PREFIX_HEADER = "SeeCity/SeeCity-Prefix.pch";
				INFOPLIST_FILE = "SeeCity/SeeCity-Info.plist";
				LIBRARY_SEARCH_PATHS = (
					"$(inherited)",
					/Users/regina/Documents/sistemas/SeeCity/SeeCity/TestFlightSDK2.1.4,
					/Users/atsneves/Documents/Sistemas/SeeCity/SeeCity/TestFlightSDK2.1.4,
					"$(PROJECT_DIR)/SeeCity/TestFlightSDK2.1.4",
				);
				OTHER_LDFLAGS = "-ObjC";
				PRODUCT_NAME = "$(TARGET_NAME)";
				PROVISIONING_PROFILE = "86734E1D-1452-412B-9220-031C64512818";
				WRAPPER_EXTENSION = app;
			};
			name = Release;
		};
		575B614F18900DC2002244E3 /* Debug */ = {
			isa = XCBuildConfiguration;
			buildSettings = {
				BUNDLE_LOADER = "$(BUILT_PRODUCTS_DIR)/SeeCity.app/SeeCity";
				FRAMEWORK_SEARCH_PATHS = (
					"$(SDKROOT)/Developer/Library/Frameworks",
					"$(inherited)",
					"$(DEVELOPER_FRAMEWORKS_DIR)",
				);
				GCC_PRECOMPILE_PREFIX_HEADER = YES;
				GCC_PREFIX_HEADER = "SeeCity/SeeCity-Prefix.pch";
				GCC_PREPROCESSOR_DEFINITIONS = (
					"DEBUG=1",
					"$(inherited)",
				);
				INFOPLIST_FILE = "SeeCityTests/SeeCityTests-Info.plist";
				PRODUCT_NAME = "$(TARGET_NAME)";
				TEST_HOST = "$(BUNDLE_LOADER)";
				WRAPPER_EXTENSION = xctest;
			};
			name = Debug;
		};
		575B615018900DC2002244E3 /* Release */ = {
			isa = XCBuildConfiguration;
			buildSettings = {
				BUNDLE_LOADER = "$(BUILT_PRODUCTS_DIR)/SeeCity.app/SeeCity";
				FRAMEWORK_SEARCH_PATHS = (
					"$(SDKROOT)/Developer/Library/Frameworks",
					"$(inherited)",
					"$(DEVELOPER_FRAMEWORKS_DIR)",
				);
				GCC_PRECOMPILE_PREFIX_HEADER = YES;
				GCC_PREFIX_HEADER = "SeeCity/SeeCity-Prefix.pch";
				INFOPLIST_FILE = "SeeCityTests/SeeCityTests-Info.plist";
				PRODUCT_NAME = "$(TARGET_NAME)";
				TEST_HOST = "$(BUNDLE_LOADER)";
				WRAPPER_EXTENSION = xctest;
			};
			name = Release;
		};
/* End XCBuildConfiguration section */

/* Begin XCConfigurationList section */
		575B611418900DC1002244E3 /* Build configuration list for PBXProject "SeeCity" */ = {
			isa = XCConfigurationList;
			buildConfigurations = (
				575B614918900DC2002244E3 /* Debug */,
				575B614A18900DC2002244E3 /* Release */,
			);
			defaultConfigurationIsVisible = 0;
			defaultConfigurationName = Release;
		};
		575B614B18900DC2002244E3 /* Build configuration list for PBXNativeTarget "SeeCity" */ = {
			isa = XCConfigurationList;
			buildConfigurations = (
				575B614C18900DC2002244E3 /* Debug */,
				575B614D18900DC2002244E3 /* Release */,
			);
			defaultConfigurationIsVisible = 0;
			defaultConfigurationName = Release;
		};
		575B614E18900DC2002244E3 /* Build configuration list for PBXNativeTarget "SeeCityTests" */ = {
			isa = XCConfigurationList;
			buildConfigurations = (
				575B614F18900DC2002244E3 /* Debug */,
				575B615018900DC2002244E3 /* Release */,
			);
			defaultConfigurationIsVisible = 0;
			defaultConfigurationName = Release;
		};
/* End XCConfigurationList section */
	};
	rootObject = 575B611118900DC1002244E3 /* Project object */;
}
